// !$*UTF8*$!
{
	archiveVersion = 1;
	classes = {
	};
	objectVersion = 46;
	objects = {

/* Begin PBXBuildFile section */
		536DA17B15A48D4B00941F43 /* UIKit.framework in Frameworks */ = {isa = PBXBuildFile; fileRef = 536DA17A15A48D4B00941F43 /* UIKit.framework */; };
		536DA17D15A48D4B00941F43 /* Foundation.framework in Frameworks */ = {isa = PBXBuildFile; fileRef = 536DA17C15A48D4B00941F43 /* Foundation.framework */; };
		536DA17F15A48D4B00941F43 /* CoreGraphics.framework in Frameworks */ = {isa = PBXBuildFile; fileRef = 536DA17E15A48D4B00941F43 /* CoreGraphics.framework */; };
		536DA18715A48D4B00941F43 /* main.m in Sources */ = {isa = PBXBuildFile; fileRef = 536DA18615A48D4B00941F43 /* main.m */; };
		536DA18B15A48D4B00941F43 /* AppDelegate.m in Sources */ = {isa = PBXBuildFile; fileRef = 536DA18A15A48D4B00941F43 /* AppDelegate.m */; };
		536DA18E15A48D4B00941F43 /* MainStoryboard_iPhone.storyboard in Resources */ = {isa = PBXBuildFile; fileRef = 536DA18C15A48D4B00941F43 /* MainStoryboard_iPhone.storyboard */; };
		536DA19115A48D4B00941F43 /* MainStoryboard_iPad.storyboard in Resources */ = {isa = PBXBuildFile; fileRef = 536DA18F15A48D4B00941F43 /* MainStoryboard_iPad.storyboard */; };
		536DA19415A48D4B00941F43 /* MasterViewController.m in Sources */ = {isa = PBXBuildFile; fileRef = 536DA19315A48D4B00941F43 /* MasterViewController.m */; };
		536DA19715A48D4B00941F43 /* DetailViewController.m in Sources */ = {isa = PBXBuildFile; fileRef = 536DA19615A48D4B00941F43 /* DetailViewController.m */; };
		536DA1AD15A48DB400941F43 /* Security.framework in Frameworks */ = {isa = PBXBuildFile; fileRef = 536DA1AC15A48DB400941F43 /* Security.framework */; };
		536DA1AF15A48DBB00941F43 /* SystemConfiguration.framework in Frameworks */ = {isa = PBXBuildFile; fileRef = 536DA1AE15A48DBB00941F43 /* SystemConfiguration.framework */; };
		53AE4FB115A4EF5E0083E085 /* libDailymotion SDK.a in Frameworks */ = {isa = PBXBuildFile; fileRef = 53AE4FAC15A4EF3F0083E085 /* libDailymotion SDK.a */; };
/* End PBXBuildFile section */

/* Begin PBXContainerItemProxy section */
		53AE4FAB15A4EF3F0083E085 /* PBXContainerItemProxy */ = {
			isa = PBXContainerItemProxy;
			containerPortal = 53AE4FA315A4EF3F0083E085 /* Dailymotion SDK iOS.xcodeproj */;
			proxyType = 2;
			remoteGlobalIDString = D2AAC07E0554694100DB518D;
			remoteInfo = "Dailymotion SDK";
		};
		53AE4FAD15A4EF3F0083E085 /* PBXContainerItemProxy */ = {
			isa = PBXContainerItemProxy;
			containerPortal = 53AE4FA315A4EF3F0083E085 /* Dailymotion SDK iOS.xcodeproj */;
			proxyType = 2;
			remoteGlobalIDString = 53E273561265BD1C00B541BE;
			remoteInfo = DailymotionTests;
		};
		53AE4FAF15A4EF580083E085 /* PBXContainerItemProxy */ = {
			isa = PBXContainerItemProxy;
			containerPortal = 53AE4FA315A4EF3F0083E085 /* Dailymotion SDK iOS.xcodeproj */;
			proxyType = 1;
			remoteGlobalIDString = D2AAC07D0554694100DB518D;
			remoteInfo = "Dailymotion SDK";
		};
/* End PBXContainerItemProxy section */

/* Begin PBXFileReference section */
		536DA17615A48D4B00941F43 /* VideoListSample.app */ = {isa = PBXFileReference; explicitFileType = wrapper.application; includeInIndex = 0; path = VideoListSample.app; sourceTree = BUILT_PRODUCTS_DIR; };
		536DA17A15A48D4B00941F43 /* UIKit.framework */ = {isa = PBXFileReference; lastKnownFileType = wrapper.framework; name = UIKit.framework; path = System/Library/Frameworks/UIKit.framework; sourceTree = SDKROOT; };
		536DA17C15A48D4B00941F43 /* Foundation.framework */ = {isa = PBXFileReference; lastKnownFileType = wrapper.framework; name = Foundation.framework; path = System/Library/Frameworks/Foundation.framework; sourceTree = SDKROOT; };
		536DA17E15A48D4B00941F43 /* CoreGraphics.framework */ = {isa = PBXFileReference; lastKnownFileType = wrapper.framework; name = CoreGraphics.framework; path = System/Library/Frameworks/CoreGraphics.framework; sourceTree = SDKROOT; };
		536DA18215A48D4B00941F43 /* VideoListSample-Info.plist */ = {isa = PBXFileReference; lastKnownFileType = text.plist.xml; path = "VideoListSample-Info.plist"; sourceTree = "<group>"; };
		536DA18615A48D4B00941F43 /* main.m */ = {isa = PBXFileReference; lastKnownFileType = sourcecode.c.objc; path = main.m; sourceTree = "<group>"; };
		536DA18815A48D4B00941F43 /* VideoListSample-Prefix.pch */ = {isa = PBXFileReference; lastKnownFileType = sourcecode.c.h; path = "VideoListSample-Prefix.pch"; sourceTree = "<group>"; };
		536DA18915A48D4B00941F43 /* AppDelegate.h */ = {isa = PBXFileReference; lastKnownFileType = sourcecode.c.h; path = AppDelegate.h; sourceTree = "<group>"; };
		536DA18A15A48D4B00941F43 /* AppDelegate.m */ = {isa = PBXFileReference; lastKnownFileType = sourcecode.c.objc; path = AppDelegate.m; sourceTree = "<group>"; };
		536DA18D15A48D4B00941F43 /* en */ = {isa = PBXFileReference; lastKnownFileType = file.storyboard; name = en; path = en.lproj/MainStoryboard_iPhone.storyboard; sourceTree = "<group>"; };
		536DA19015A48D4B00941F43 /* en */ = {isa = PBXFileReference; lastKnownFileType = file.storyboard; name = en; path = en.lproj/MainStoryboard_iPad.storyboard; sourceTree = "<group>"; };
		536DA19215A48D4B00941F43 /* MasterViewController.h */ = {isa = PBXFileReference; lastKnownFileType = sourcecode.c.h; path = MasterViewController.h; sourceTree = "<group>"; };
		536DA19315A48D4B00941F43 /* MasterViewController.m */ = {isa = PBXFileReference; lastKnownFileType = sourcecode.c.objc; path = MasterViewController.m; sourceTree = "<group>"; };
		536DA19515A48D4B00941F43 /* DetailViewController.h */ = {isa = PBXFileReference; lastKnownFileType = sourcecode.c.h; path = DetailViewController.h; sourceTree = "<group>"; };
		536DA19615A48D4B00941F43 /* DetailViewController.m */ = {isa = PBXFileReference; lastKnownFileType = sourcecode.c.objc; path = DetailViewController.m; sourceTree = "<group>"; };
		536DA1AC15A48DB400941F43 /* Security.framework */ = {isa = PBXFileReference; lastKnownFileType = wrapper.framework; name = Security.framework; path = System/Library/Frameworks/Security.framework; sourceTree = SDKROOT; };
		536DA1AE15A48DBB00941F43 /* SystemConfiguration.framework */ = {isa = PBXFileReference; lastKnownFileType = wrapper.framework; name = SystemConfiguration.framework; path = System/Library/Frameworks/SystemConfiguration.framework; sourceTree = SDKROOT; };
		53AE4FA315A4EF3F0083E085 /* Dailymotion SDK iOS.xcodeproj */ = {isa = PBXFileReference; lastKnownFileType = "wrapper.pb-project"; name = "Dailymotion SDK iOS.xcodeproj"; path = "../../Dailymotion SDK iOS.xcodeproj"; sourceTree = "<group>"; };
/* End PBXFileReference section */

/* Begin PBXFrameworksBuildPhase section */
		536DA17315A48D4B00941F43 /* Frameworks */ = {
			isa = PBXFrameworksBuildPhase;
			buildActionMask = 2147483647;
			files = (
				53AE4FB115A4EF5E0083E085 /* libDailymotion SDK.a in Frameworks */,
				536DA1AF15A48DBB00941F43 /* SystemConfiguration.framework in Frameworks */,
				536DA1AD15A48DB400941F43 /* Security.framework in Frameworks */,
				536DA17B15A48D4B00941F43 /* UIKit.framework in Frameworks */,
				536DA17D15A48D4B00941F43 /* Foundation.framework in Frameworks */,
				536DA17F15A48D4B00941F43 /* CoreGraphics.framework in Frameworks */,
			);
			runOnlyForDeploymentPostprocessing = 0;
		};
/* End PBXFrameworksBuildPhase section */

/* Begin PBXGroup section */
		536DA16B15A48D4B00941F43 = {
			isa = PBXGroup;
			children = (
				536DA18015A48D4B00941F43 /* VideoListSample */,
				536DA17915A48D4B00941F43 /* Frameworks */,
				536DA17715A48D4B00941F43 /* Products */,
			);
			sourceTree = "<group>";
		};
		536DA17715A48D4B00941F43 /* Products */ = {
			isa = PBXGroup;
			children = (
				536DA17615A48D4B00941F43 /* VideoListSample.app */,
			);
			name = Products;
			sourceTree = "<group>";
		};
		536DA17915A48D4B00941F43 /* Frameworks */ = {
			isa = PBXGroup;
			children = (
				53AE4FA315A4EF3F0083E085 /* Dailymotion SDK iOS.xcodeproj */,
				536DA1AE15A48DBB00941F43 /* SystemConfiguration.framework */,
				536DA1AC15A48DB400941F43 /* Security.framework */,
				536DA17A15A48D4B00941F43 /* UIKit.framework */,
				536DA17C15A48D4B00941F43 /* Foundation.framework */,
				536DA17E15A48D4B00941F43 /* CoreGraphics.framework */,
			);
			name = Frameworks;
			sourceTree = "<group>";
		};
		536DA18015A48D4B00941F43 /* VideoListSample */ = {
			isa = PBXGroup;
			children = (
				536DA18915A48D4B00941F43 /* AppDelegate.h */,
				536DA18A15A48D4B00941F43 /* AppDelegate.m */,
				536DA18C15A48D4B00941F43 /* MainStoryboard_iPhone.storyboard */,
				536DA18F15A48D4B00941F43 /* MainStoryboard_iPad.storyboard */,
				536DA19215A48D4B00941F43 /* MasterViewController.h */,
				536DA19315A48D4B00941F43 /* MasterViewController.m */,
				536DA19515A48D4B00941F43 /* DetailViewController.h */,
				536DA19615A48D4B00941F43 /* DetailViewController.m */,
				536DA18115A48D4B00941F43 /* Supporting Files */,
			);
			path = VideoListSample;
			sourceTree = "<group>";
		};
		536DA18115A48D4B00941F43 /* Supporting Files */ = {
			isa = PBXGroup;
			children = (
				536DA18215A48D4B00941F43 /* VideoListSample-Info.plist */,
				536DA18615A48D4B00941F43 /* main.m */,
				536DA18815A48D4B00941F43 /* VideoListSample-Prefix.pch */,
			);
			name = "Supporting Files";
			sourceTree = "<group>";
		};
		53AE4FA415A4EF3F0083E085 /* Products */ = {
			isa = PBXGroup;
			children = (
				53AE4FAC15A4EF3F0083E085 /* libDailymotion SDK.a */,
				53AE4FAE15A4EF3F0083E085 /* Tests.octest */,
			);
			name = Products;
			sourceTree = "<group>";
		};
/* End PBXGroup section */

/* Begin PBXNativeTarget section */
		536DA17515A48D4B00941F43 /* VideoListSample */ = {
			isa = PBXNativeTarget;
			buildConfigurationList = 536DA19A15A48D4B00941F43 /* Build configuration list for PBXNativeTarget "VideoListSample" */;
			buildPhases = (
				536DA17215A48D4B00941F43 /* Sources */,
				536DA17315A48D4B00941F43 /* Frameworks */,
				536DA17415A48D4B00941F43 /* Resources */,
			);
			buildRules = (
			);
			dependencies = (
				53AE4FB015A4EF580083E085 /* PBXTargetDependency */,
			);
			name = VideoListSample;
			productName = VideoListSample;
			productReference = 536DA17615A48D4B00941F43 /* VideoListSample.app */;
			productType = "com.apple.product-type.application";
		};
/* End PBXNativeTarget section */

/* Begin PBXProject section */
		536DA16D15A48D4B00941F43 /* Project object */ = {
			isa = PBXProject;
			attributes = {
				LastUpgradeCheck = 0440;
				ORGANIZATIONNAME = "Olivier Poitrey";
			};
			buildConfigurationList = 536DA17015A48D4B00941F43 /* Build configuration list for PBXProject "VideoListSample" */;
			compatibilityVersion = "Xcode 3.2";
			developmentRegion = English;
			hasScannedForEncodings = 0;
			knownRegions = (
				en,
			);
			mainGroup = 536DA16B15A48D4B00941F43;
			productRefGroup = 536DA17715A48D4B00941F43 /* Products */;
			projectDirPath = "";
			projectReferences = (
				{
					ProductGroup = 53AE4FA415A4EF3F0083E085 /* Products */;
					ProjectRef = 53AE4FA315A4EF3F0083E085 /* Dailymotion SDK iOS.xcodeproj */;
				},
			);
			projectRoot = "";
			targets = (
				536DA17515A48D4B00941F43 /* VideoListSample */,
			);
		};
/* End PBXProject section */

/* Begin PBXReferenceProxy section */
		53AE4FAC15A4EF3F0083E085 /* libDailymotion SDK.a */ = {
			isa = PBXReferenceProxy;
			fileType = archive.ar;
			path = "libDailymotion SDK.a";
			remoteRef = 53AE4FAB15A4EF3F0083E085 /* PBXContainerItemProxy */;
			sourceTree = BUILT_PRODUCTS_DIR;
		};
		53AE4FAE15A4EF3F0083E085 /* Tests.octest */ = {
			isa = PBXReferenceProxy;
			fileType = wrapper.cfbundle;
			path = Tests.octest;
			remoteRef = 53AE4FAD15A4EF3F0083E085 /* PBXContainerItemProxy */;
			sourceTree = BUILT_PRODUCTS_DIR;
		};
/* End PBXReferenceProxy section */

/* Begin PBXResourcesBuildPhase section */
		536DA17415A48D4B00941F43 /* Resources */ = {
			isa = PBXResourcesBuildPhase;
			buildActionMask = 2147483647;
			files = (
				536DA18E15A48D4B00941F43 /* MainStoryboard_iPhone.storyboard in Resources */,
				536DA19115A48D4B00941F43 /* MainStoryboard_iPad.storyboard in Resources */,
			);
			runOnlyForDeploymentPostprocessing = 0;
		};
/* End PBXResourcesBuildPhase section */

/* Begin PBXSourcesBuildPhase section */
		536DA17215A48D4B00941F43 /* Sources */ = {
			isa = PBXSourcesBuildPhase;
			buildActionMask = 2147483647;
			files = (
				536DA18715A48D4B00941F43 /* main.m in Sources */,
				536DA18B15A48D4B00941F43 /* AppDelegate.m in Sources */,
				536DA19415A48D4B00941F43 /* MasterViewController.m in Sources */,
				536DA19715A48D4B00941F43 /* DetailViewController.m in Sources */,
			);
			runOnlyForDeploymentPostprocessing = 0;
		};
/* End PBXSourcesBuildPhase section */

/* Begin PBXTargetDependency section */
		53AE4FB015A4EF580083E085 /* PBXTargetDependency */ = {
			isa = PBXTargetDependency;
			name = "Dailymotion SDK";
			targetProxy = 53AE4FAF15A4EF580083E085 /* PBXContainerItemProxy */;
		};
/* End PBXTargetDependency section */

/* Begin PBXVariantGroup section */
		536DA18C15A48D4B00941F43 /* MainStoryboard_iPhone.storyboard */ = {
			isa = PBXVariantGroup;
			children = (
				536DA18D15A48D4B00941F43 /* en */,
			);
			name = MainStoryboard_iPhone.storyboard;
			sourceTree = "<group>";
		};
		536DA18F15A48D4B00941F43 /* MainStoryboard_iPad.storyboard */ = {
			isa = PBXVariantGroup;
			children = (
				536DA19015A48D4B00941F43 /* en */,
			);
			name = MainStoryboard_iPad.storyboard;
			sourceTree = "<group>";
		};
/* End PBXVariantGroup section */

/* Begin XCBuildConfiguration section */
		536DA19815A48D4B00941F43 /* Debug */ = {
			isa = XCBuildConfiguration;
			buildSettings = {
				ALWAYS_SEARCH_USER_PATHS = NO;
				ARCHS = "$(ARCHS_STANDARD_32_BIT)";
				CLANG_CXX_LANGUAGE_STANDARD = "gnu++0x";
				CLANG_ENABLE_OBJC_ARC = YES;
				CLANG_WARN__DUPLICATE_METHOD_MATCH = YES;
				"CODE_SIGN_IDENTITY[sdk=iphoneos*]" = "iPhone Developer";
				COPY_PHASE_STRIP = NO;
				GCC_C_LANGUAGE_STANDARD = gnu99;
				GCC_DYNAMIC_NO_PIC = NO;
				GCC_OPTIMIZATION_LEVEL = 0;
				GCC_PREPROCESSOR_DEFINITIONS = (
					"DEBUG=1",
					"$(inherited)",
				);
				GCC_SYMBOLS_PRIVATE_EXTERN = NO;
				GCC_VERSION = com.apple.compilers.llvm.clang.1_0;
				GCC_WARN_ABOUT_RETURN_TYPE = YES;
				GCC_WARN_UNINITIALIZED_AUTOS = YES;
				GCC_WARN_UNUSED_VARIABLE = YES;
				HEADER_SEARCH_PATHS = (
					"\"$(OBJROOT)/UninstalledProducts/include\"",
					"\"$(TARGET_BUILD_DIR)/usr/local/lib/include\"",
				);
				IPHONEOS_DEPLOYMENT_TARGET = 5.1;
				OTHER_LDFLAGS = (
					"-all_load",
					"-ObjC",
				);
				SDKROOT = iphoneos;
				TARGETED_DEVICE_FAMILY = "1,2";
			};
			name = Debug;
		};
		536DA19915A48D4B00941F43 /* Release */ = {
			isa = XCBuildConfiguration;
			buildSettings = {
				ALWAYS_SEARCH_USER_PATHS = NO;
				ARCHS = "$(ARCHS_STANDARD_32_BIT)";
				CLANG_CXX_LANGUAGE_STANDARD = "gnu++0x";
				CLANG_ENABLE_OBJC_ARC = YES;
				CLANG_WARN__DUPLICATE_METHOD_MATCH = YES;
				"CODE_SIGN_IDENTITY[sdk=iphoneos*]" = "iPhone Developer";
				COPY_PHASE_STRIP = YES;
				GCC_C_LANGUAGE_STANDARD = gnu99;
				GCC_VERSION = com.apple.compilers.llvm.clang.1_0;
				GCC_WARN_ABOUT_RETURN_TYPE = YES;
				GCC_WARN_UNINITIALIZED_AUTOS = YES;
				GCC_WARN_UNUSED_VARIABLE = YES;
				HEADER_SEARCH_PATHS = (
					"\"$(OBJROOT)/UninstalledProducts/include\"",
					"\"$(TARGET_BUILD_DIR)/usr/local/lib/include\"",
				);
				IPHONEOS_DEPLOYMENT_TARGET = 5.1;
				OTHER_CFLAGS = "-DNS_BLOCK_ASSERTIONS=1";
				OTHER_LDFLAGS = (
					"-all_load",
					"-ObjC",
				);
				SDKROOT = iphoneos;
				TARGETED_DEVICE_FAMILY = "1,2";
				VALIDATE_PRODUCT = YES;
			};
			name = Release;
		};
		536DA19B15A48D4B00941F43 /* Debug */ = {
			isa = XCBuildConfiguration;
			buildSettings = {
				GCC_PRECOMPILE_PREFIX_HEADER = YES;
				GCC_PREFIX_HEADER = "VideoListSample/VideoListSample-Prefix.pch";
				INFOPLIST_FILE = "VideoListSample/VideoListSample-Info.plist";
				PRODUCT_NAME = "$(TARGET_NAME)";
				WRAPPER_EXTENSION = app;
			};
			name = Debug;
		};
		536DA19C15A48D4B00941F43 /* Release */ = {
			isa = XCBuildConfiguration;
			buildSettings = {
				GCC_PRECOMPILE_PREFIX_HEADER = YES;
				GCC_PREFIX_HEADER = "VideoListSample/VideoListSample-Prefix.pch";
				INFOPLIST_FILE = "VideoListSample/VideoListSample-Info.plist";
				PRODUCT_NAME = "$(TARGET_NAME)";
				WRAPPER_EXTENSION = app;
			};
			name = Release;
		};
/* End XCBuildConfiguration section */

/* Begin XCConfigurationList section */
		536DA17015A48D4B00941F43 /* Build configuration list for PBXProject "VideoListSample" */ = {
			isa = XCConfigurationList;
			buildConfigurations = (
				536DA19815A48D4B00941F43 /* Debug */,
				536DA19915A48D4B00941F43 /* Release */,
			);
			defaultConfigurationIsVisible = 0;
			defaultConfigurationName = Release;
		};
		536DA19A15A48D4B00941F43 /* Build configuration list for PBXNativeTarget "VideoListSample" */ = {
			isa = XCConfigurationList;
			buildConfigurations = (
				536DA19B15A48D4B00941F43 /* Debug */,
				536DA19C15A48D4B00941F43 /* Release */,
			);
			defaultConfigurationIsVisible = 0;
			defaultConfigurationName = Release;
		};
/* End XCConfigurationList section */
	};
	rootObject = 536DA16D15A48D4B00941F43 /* Project object */;
}
