// !$*UTF8*$!
{
	archiveVersion = 1;
	classes = {
	};
	objectVersion = 46;
	objects = {

/* Begin PBXAggregateTarget section */
		539F90FF1631651900160719 /* DailymotionFramework */ = {
			isa = PBXAggregateTarget;
			buildConfigurationList = 539F91001631651900160719 /* Build configuration list for PBXAggregateTarget "DailymotionFramework" */;
			buildPhases = (
				539F91051631656000160719 /* Build Framework */,
			);
			dependencies = (
				539F91041631654700160719 /* PBXTargetDependency */,
			);
			name = DailymotionFramework;
			productName = Framework;
		};
/* End PBXAggregateTarget section */

/* Begin PBXBuildFile section */
		53002EAA15876C860060AC98 /* DMNetRequestOperation.h in Headers */ = {isa = PBXBuildFile; fileRef = 53002EA815876C860060AC98 /* DMNetRequestOperation.h */; settings = {ATTRIBUTES = (Public, ); }; };
		53002EAB15876C860060AC98 /* DMNetRequestOperation.m in Sources */ = {isa = PBXBuildFile; fileRef = 53002EA915876C860060AC98 /* DMNetRequestOperation.m */; };
		53002EAF15878AF70060AC98 /* DMAPICall.h in Headers */ = {isa = PBXBuildFile; fileRef = 53002EAD15878AF70060AC98 /* DMAPICall.h */; settings = {ATTRIBUTES = (Public, ); }; };
		53002EB015878AF70060AC98 /* DMAPICall.m in Sources */ = {isa = PBXBuildFile; fileRef = 53002EAE15878AF70060AC98 /* DMAPICall.m */; };
		530BCB6015C0548D007C6917 /* DMItemTableViewDataSource.h in Headers */ = {isa = PBXBuildFile; fileRef = 530BCB5E15C0548D007C6917 /* DMItemTableViewDataSource.h */; settings = {ATTRIBUTES = (Public, ); }; };
		530BCB6115C0548D007C6917 /* DMItemTableViewDataSource.m in Sources */ = {isa = PBXBuildFile; fileRef = 530BCB5F15C0548D007C6917 /* DMItemTableViewDataSource.m */; };
		530BCB6415C054BA007C6917 /* DMItemTableViewController.h in Headers */ = {isa = PBXBuildFile; fileRef = 530BCB6215C054BA007C6917 /* DMItemTableViewController.h */; settings = {ATTRIBUTES = (Public, ); }; };
		530BCB6515C054BA007C6917 /* DMItemTableViewController.m in Sources */ = {isa = PBXBuildFile; fileRef = 530BCB6315C054BA007C6917 /* DMItemTableViewController.m */; };
		531138781430D68400ED3153 /* DMPlayerViewController.h in Headers */ = {isa = PBXBuildFile; fileRef = 531138761430D68400ED3153 /* DMPlayerViewController.h */; settings = {ATTRIBUTES = (Public, ); }; };
		531138791430D68400ED3153 /* DMPlayerViewController.m in Sources */ = {isa = PBXBuildFile; fileRef = 531138771430D68400ED3153 /* DMPlayerViewController.m */; };
		53149E3E1587A5860068ADB7 /* DMUDID.h in Headers */ = {isa = PBXBuildFile; fileRef = 53149E3C1587A5860068ADB7 /* DMUDID.h */; settings = {ATTRIBUTES = (Public, ); }; };
		53149E3F1587A5860068ADB7 /* DMUDID.m in Sources */ = {isa = PBXBuildFile; fileRef = 53149E3D1587A5860068ADB7 /* DMUDID.m */; };
		531580C21589F81200F25C7D /* DMReachability.h in Headers */ = {isa = PBXBuildFile; fileRef = 531580C01589F81200F25C7D /* DMReachability.h */; settings = {ATTRIBUTES = (Public, ); }; };
		531580C31589F81200F25C7D /* DMReachability.m in Sources */ = {isa = PBXBuildFile; fileRef = 531580C11589F81200F25C7D /* DMReachability.m */; };
		531580C9158A21E200F25C7D /* SystemConfiguration.framework in Frameworks */ = {isa = PBXBuildFile; fileRef = 531580C7158A21C700F25C7D /* SystemConfiguration.framework */; };
		531580CD158A269A00F25C7D /* DMItem.h in Headers */ = {isa = PBXBuildFile; fileRef = 531580CB158A269A00F25C7D /* DMItem.h */; settings = {ATTRIBUTES = (Public, ); }; };
		531580CE158A269A00F25C7D /* DMItem.m in Sources */ = {isa = PBXBuildFile; fileRef = 531580CC158A269A00F25C7D /* DMItem.m */; };
		531580D1158A473800F25C7D /* DMAPICacheInfo.h in Headers */ = {isa = PBXBuildFile; fileRef = 531580CF158A473700F25C7D /* DMAPICacheInfo.h */; settings = {ATTRIBUTES = (Public, ); }; };
		531580D2158A473800F25C7D /* DMAPICacheInfo.m in Sources */ = {isa = PBXBuildFile; fileRef = 531580D0158A473700F25C7D /* DMAPICacheInfo.m */; };
		531580D5158A94B600F25C7D /* DMItemTest.m in Sources */ = {isa = PBXBuildFile; fileRef = 531580D4158A94B600F25C7D /* DMItemTest.m */; };
		531A6312158514F700EB269B /* DMOAuthSession.h in Headers */ = {isa = PBXBuildFile; fileRef = 531A6310158514F700EB269B /* DMOAuthSession.h */; settings = {ATTRIBUTES = (Public, ); }; };
		531A6313158514F700EB269B /* DMOAuthSession.m in Sources */ = {isa = PBXBuildFile; fileRef = 531A6311158514F700EB269B /* DMOAuthSession.m */; };
		531A63151585512000EB269B /* Security.framework in Frameworks */ = {isa = PBXBuildFile; fileRef = 531A63141585512000EB269B /* Security.framework */; };
		531A63181585670D00EB269B /* DMOAuthSessionTest.m in Sources */ = {isa = PBXBuildFile; fileRef = 531A63171585670D00EB269B /* DMOAuthSessionTest.m */; };
		531A631B1586069B00EB269B /* DMOAuthClient.h in Headers */ = {isa = PBXBuildFile; fileRef = 531A63191586069B00EB269B /* DMOAuthClient.h */; settings = {ATTRIBUTES = (Public, ); }; };
		531A631C1586069B00EB269B /* DMOAuthClient.m in Sources */ = {isa = PBXBuildFile; fileRef = 531A631A1586069B00EB269B /* DMOAuthClient.m */; };
		531A631F1586175700EB269B /* DMAPIError.h in Headers */ = {isa = PBXBuildFile; fileRef = 531A631D1586175700EB269B /* DMAPIError.h */; settings = {ATTRIBUTES = (Public, ); }; };
		531A63201586175700EB269B /* DMAPIError.m in Sources */ = {isa = PBXBuildFile; fileRef = 531A631E1586175700EB269B /* DMAPIError.m */; };
		531A632E15862E2E00EB269B /* DMAPICallQueue.h in Headers */ = {isa = PBXBuildFile; fileRef = 531A632C15862E2E00EB269B /* DMAPICallQueue.h */; settings = {ATTRIBUTES = (Public, ); }; };
		531A632F15862E2E00EB269B /* DMAPICallQueue.m in Sources */ = {isa = PBXBuildFile; fileRef = 531A632D15862E2E00EB269B /* DMAPICallQueue.m */; };
		5367100E15991FFF00180094 /* DMItemDataSourceItem.h in Headers */ = {isa = PBXBuildFile; fileRef = 5367100C15991FFF00180094 /* DMItemDataSourceItem.h */; settings = {ATTRIBUTES = (Public, ); }; };
		53706B0115A3280200D29386 /* DMItemPageViewDataSource.h in Headers */ = {isa = PBXBuildFile; fileRef = 53706AFF15A3280200D29386 /* DMItemPageViewDataSource.h */; settings = {ATTRIBUTES = (Public, ); }; };
		53706B0215A3280200D29386 /* DMItemPageViewDataSource.m in Sources */ = {isa = PBXBuildFile; fileRef = 53706B0015A3280200D29386 /* DMItemPageViewDataSource.m */; };
		53943F0215BF76EF00F42452 /* DMItemPickerViewDataSource.h in Headers */ = {isa = PBXBuildFile; fileRef = 53943F0015BF76EF00F42452 /* DMItemPickerViewDataSource.h */; settings = {ATTRIBUTES = (Public, ); }; };
		53943F0315BF76EF00F42452 /* DMItemPickerViewDataSource.m in Sources */ = {isa = PBXBuildFile; fileRef = 53943F0115BF76EF00F42452 /* DMItemPickerViewDataSource.m */; };
		53943F0615BF7E6C00F42452 /* DMItemPickerViewComponent.h in Headers */ = {isa = PBXBuildFile; fileRef = 53943F0415BF7E6C00F42452 /* DMItemPickerViewComponent.h */; settings = {ATTRIBUTES = (Public, ); }; };
		53943F0715BF7E6C00F42452 /* DMItemPickerViewComponent.m in Sources */ = {isa = PBXBuildFile; fileRef = 53943F0515BF7E6C00F42452 /* DMItemPickerViewComponent.m */; };
		53943F0A15BF97D300F42452 /* DMItemPickerLabel.h in Headers */ = {isa = PBXBuildFile; fileRef = 53943F0815BF97D300F42452 /* DMItemPickerLabel.h */; };
		53943F0B15BF97D300F42452 /* DMItemPickerLabel.m in Sources */ = {isa = PBXBuildFile; fileRef = 53943F0915BF97D300F42452 /* DMItemPickerLabel.m */; };
		5394A30415AC8F8B00BE76FF /* DMRangeInputStream.h in Headers */ = {isa = PBXBuildFile; fileRef = 5394A30215AC8F8B00BE76FF /* DMRangeInputStream.h */; settings = {ATTRIBUTES = (Public, ); }; };
		5394A30515AC8F8B00BE76FF /* DMRangeInputStream.m in Sources */ = {isa = PBXBuildFile; fileRef = 5394A30315AC8F8B00BE76FF /* DMRangeInputStream.m */; };
		5394A30915AC96F100BE76FF /* DMAPITransfer.h in Headers */ = {isa = PBXBuildFile; fileRef = 5394A30715AC96F100BE76FF /* DMAPITransfer.h */; settings = {ATTRIBUTES = (Public, ); }; };
		5394A30A15AC96F100BE76FF /* DMAPITransfer.m in Sources */ = {isa = PBXBuildFile; fileRef = 5394A30815AC96F100BE76FF /* DMAPITransfer.m */; };
		5397428615872ED000ABF402 /* DMOAuthRequestOperation.h in Headers */ = {isa = PBXBuildFile; fileRef = 5397428415872ED000ABF402 /* DMOAuthRequestOperation.h */; settings = {ATTRIBUTES = (Public, ); }; };
		5397428715872ED000ABF402 /* DMOAuthRequestOperation.m in Sources */ = {isa = PBXBuildFile; fileRef = 5397428515872ED000ABF402 /* DMOAuthRequestOperation.m */; };
		539DB6A115992A8D0029B767 /* DailymotionSDK.h in Headers */ = {isa = PBXBuildFile; fileRef = 539DB69F15992A8D0029B767 /* DailymotionSDK.h */; settings = {ATTRIBUTES = (Public, ); }; };
		539DB6B615994F5B0029B767 /* DMItemTableViewCellDefaultCell.h in Headers */ = {isa = PBXBuildFile; fileRef = 539DB6B415994F5B0029B767 /* DMItemTableViewCellDefaultCell.h */; settings = {ATTRIBUTES = (Public, ); }; };
		539DB6B715994F5B0029B767 /* DMItemTableViewCellDefaultCell.m in Sources */ = {isa = PBXBuildFile; fileRef = 539DB6B515994F5B0029B767 /* DMItemTableViewCellDefaultCell.m */; };
		53BFC71D160C620200214FDD /* DMItemCollectionViewDataSource.h in Headers */ = {isa = PBXBuildFile; fileRef = 53BFC71B160C620200214FDD /* DMItemCollectionViewDataSource.h */; settings = {ATTRIBUTES = (Public, ); }; };
		53BFC71E160C620200214FDD /* DMItemCollectionViewDataSource.m in Sources */ = {isa = PBXBuildFile; fileRef = 53BFC71C160C620200214FDD /* DMItemCollectionViewDataSource.m */; };
		53BFC721160C622200214FDD /* DMItemCollectionViewController.h in Headers */ = {isa = PBXBuildFile; fileRef = 53BFC71F160C622200214FDD /* DMItemCollectionViewController.h */; settings = {ATTRIBUTES = (Public, ); }; };
		53BFC722160C622200214FDD /* DMItemCollectionViewController.m in Sources */ = {isa = PBXBuildFile; fileRef = 53BFC720160C622200214FDD /* DMItemCollectionViewController.m */; };
		53C52B7615A5E3D800903816 /* DMAPIArchiverDelegate.h in Headers */ = {isa = PBXBuildFile; fileRef = 53C52B7415A5E3D800903816 /* DMAPIArchiverDelegate.h */; };
		53C52B7715A5E3D800903816 /* DMAPIArchiverDelegate.m in Sources */ = {isa = PBXBuildFile; fileRef = 53C52B7515A5E3D800903816 /* DMAPIArchiverDelegate.m */; };
		53C52B8315A6586E00903816 /* DMItemRemoteCollection.h in Headers */ = {isa = PBXBuildFile; fileRef = 53C52B8115A6586E00903816 /* DMItemRemoteCollection.h */; settings = {ATTRIBUTES = (Public, ); }; };
		53C52B8415A6586E00903816 /* DMItemRemoteCollection.m in Sources */ = {isa = PBXBuildFile; fileRef = 53C52B8215A6586E00903816 /* DMItemRemoteCollection.m */; };
		53CAED1D15A26225007CE81B /* DMAdditionsTest.m in Sources */ = {isa = PBXBuildFile; fileRef = 53CAED1C15A26225007CE81B /* DMAdditionsTest.m */; };
		53CAED2115A2F422007CE81B /* DMAlert.h in Headers */ = {isa = PBXBuildFile; fileRef = 53CAED1F15A2F422007CE81B /* DMAlert.h */; settings = {ATTRIBUTES = (Public, ); }; };
		53CAED2215A2F422007CE81B /* DMAlert.m in Sources */ = {isa = PBXBuildFile; fileRef = 53CAED2015A2F422007CE81B /* DMAlert.m */; };
		53DF784015A6656A00FB0E9D /* DMItemLocalCollection.h in Headers */ = {isa = PBXBuildFile; fileRef = 53DF783E15A6656A00FB0E9D /* DMItemLocalCollection.h */; settings = {ATTRIBUTES = (Public, ); }; };
		53DF784115A6656A00FB0E9D /* DMItemLocalCollection.m in Sources */ = {isa = PBXBuildFile; fileRef = 53DF783F15A6656A00FB0E9D /* DMItemLocalCollection.m */; };
		53DF784615A7182B00FB0E9D /* DMItemRemoteCollectionTest.m in Sources */ = {isa = PBXBuildFile; fileRef = 53DF784515A7182B00FB0E9D /* DMItemRemoteCollectionTest.m */; };
		53E270FD126369C100B541BE /* DMAPI.h in Headers */ = {isa = PBXBuildFile; fileRef = 53E270FB126369C100B541BE /* DMAPI.h */; settings = {ATTRIBUTES = (Public, ); }; };
		53E270FE126369C100B541BE /* DMAPI.m in Sources */ = {isa = PBXBuildFile; fileRef = 53E270FC126369C100B541BE /* DMAPI.m */; };
		53E273C91265C23E00B541BE /* DMAPITest.m in Sources */ = {isa = PBXBuildFile; fileRef = 53E273C81265C23E00B541BE /* DMAPITest.m */; };
		53E274201266302900B541BE /* libDailymotionSDK.a in Frameworks */ = {isa = PBXBuildFile; fileRef = D2AAC07E0554694100DB518D /* libDailymotionSDK.a */; };
		53E8F684158AB39D000A5BF3 /* DMAdditions.h in Headers */ = {isa = PBXBuildFile; fileRef = 53E8F682158AB39D000A5BF3 /* DMAdditions.h */; settings = {ATTRIBUTES = (Public, ); }; };
		53E8F685158AB39D000A5BF3 /* DMAdditions.m in Sources */ = {isa = PBXBuildFile; fileRef = 53E8F683158AB39D000A5BF3 /* DMAdditions.m */; };
		53E8F68A158B6138000A5BF3 /* DMItemCollection.h in Headers */ = {isa = PBXBuildFile; fileRef = 53E8F688158B6138000A5BF3 /* DMItemCollection.h */; settings = {ATTRIBUTES = (Public, ); }; };
		53E8F68B158B6138000A5BF3 /* DMItemCollection.m in Sources */ = {isa = PBXBuildFile; fileRef = 53E8F689158B6138000A5BF3 /* DMItemCollection.m */; };
		53E8F697158B67A0000A5BF3 /* DMQueryString.h in Headers */ = {isa = PBXBuildFile; fileRef = 53E8F695158B67A0000A5BF3 /* DMQueryString.h */; settings = {ATTRIBUTES = (Public, ); }; };
		53E8F698158B67A0000A5BF3 /* DMQueryString.m in Sources */ = {isa = PBXBuildFile; fileRef = 53E8F696158B67A0000A5BF3 /* DMQueryString.m */; };
		53E8F6B7158F5EA2000A5BF3 /* DMItemOperation.h in Headers */ = {isa = PBXBuildFile; fileRef = 53E8F6B5158F5EA2000A5BF3 /* DMItemOperation.h */; settings = {ATTRIBUTES = (Public, ); }; };
		53E8F6B8158F5EA2000A5BF3 /* DMItemOperation.m in Sources */ = {isa = PBXBuildFile; fileRef = 53E8F6B6158F5EA2000A5BF3 /* DMItemOperation.m */; };
		53F0816B15827C43000E56C4 /* DMNetworking.h in Headers */ = {isa = PBXBuildFile; fileRef = 53F0816915827C43000E56C4 /* DMNetworking.h */; settings = {ATTRIBUTES = (Public, ); }; };
		53F0816C15827C43000E56C4 /* DMNetworking.m in Sources */ = {isa = PBXBuildFile; fileRef = 53F0816A15827C43000E56C4 /* DMNetworking.m */; };
		AA747D9F0F9514B9006C5449 /* iOS_Prefix.pch in Headers */ = {isa = PBXBuildFile; fileRef = AA747D9E0F9514B9006C5449 /* iOS_Prefix.pch */; };
		AACBBE4A0F95108600F1A2B1 /* Foundation.framework in Frameworks */ = {isa = PBXBuildFile; fileRef = AACBBE490F95108600F1A2B1 /* Foundation.framework */; };
/* End PBXBuildFile section */

/* Begin PBXContainerItemProxy section */
		539F91031631654700160719 /* PBXContainerItemProxy */ = {
			isa = PBXContainerItemProxy;
			containerPortal = 0867D690FE84028FC02AAC07 /* Project object */;
			proxyType = 1;
			remoteGlobalIDString = D2AAC07D0554694100DB518D;
			remoteInfo = DailymotionSDK;
		};
		53E2735B1265BD4300B541BE /* PBXContainerItemProxy */ = {
			isa = PBXContainerItemProxy;
			containerPortal = 0867D690FE84028FC02AAC07 /* Project object */;
			proxyType = 1;
			remoteGlobalIDString = D2AAC07D0554694100DB518D;
			remoteInfo = Dailymotion;
		};
/* End PBXContainerItemProxy section */

/* Begin PBXFileReference section */
		53002EA815876C860060AC98 /* DMNetRequestOperation.h */ = {isa = PBXFileReference; fileEncoding = 4; lastKnownFileType = sourcecode.c.h; path = DMNetRequestOperation.h; sourceTree = "<group>"; };
		53002EA915876C860060AC98 /* DMNetRequestOperation.m */ = {isa = PBXFileReference; fileEncoding = 4; lastKnownFileType = sourcecode.c.objc; path = DMNetRequestOperation.m; sourceTree = "<group>"; };
		53002EAD15878AF70060AC98 /* DMAPICall.h */ = {isa = PBXFileReference; fileEncoding = 4; lastKnownFileType = sourcecode.c.h; path = DMAPICall.h; sourceTree = "<group>"; };
		53002EAE15878AF70060AC98 /* DMAPICall.m */ = {isa = PBXFileReference; fileEncoding = 4; lastKnownFileType = sourcecode.c.objc; path = DMAPICall.m; sourceTree = "<group>"; };
		5307CEB016233DF80052762A /* AppledocSettings.plist */ = {isa = PBXFileReference; fileEncoding = 4; lastKnownFileType = text.plist.xml; path = AppledocSettings.plist; sourceTree = "<group>"; };
		530BCB5E15C0548D007C6917 /* DMItemTableViewDataSource.h */ = {isa = PBXFileReference; fileEncoding = 4; lastKnownFileType = sourcecode.c.h; path = DMItemTableViewDataSource.h; sourceTree = "<group>"; };
		530BCB5F15C0548D007C6917 /* DMItemTableViewDataSource.m */ = {isa = PBXFileReference; fileEncoding = 4; lastKnownFileType = sourcecode.c.objc; path = DMItemTableViewDataSource.m; sourceTree = "<group>"; };
		530BCB6215C054BA007C6917 /* DMItemTableViewController.h */ = {isa = PBXFileReference; fileEncoding = 4; lastKnownFileType = sourcecode.c.h; path = DMItemTableViewController.h; sourceTree = "<group>"; };
		530BCB6315C054BA007C6917 /* DMItemTableViewController.m */ = {isa = PBXFileReference; fileEncoding = 4; lastKnownFileType = sourcecode.c.objc; path = DMItemTableViewController.m; sourceTree = "<group>"; };
		531138761430D68400ED3153 /* DMPlayerViewController.h */ = {isa = PBXFileReference; fileEncoding = 4; lastKnownFileType = sourcecode.c.h; path = DMPlayerViewController.h; sourceTree = "<group>"; };
		531138771430D68400ED3153 /* DMPlayerViewController.m */ = {isa = PBXFileReference; fileEncoding = 4; lastKnownFileType = sourcecode.c.objc; path = DMPlayerViewController.m; sourceTree = "<group>"; };
		53149E3C1587A5860068ADB7 /* DMUDID.h */ = {isa = PBXFileReference; fileEncoding = 4; lastKnownFileType = sourcecode.c.h; path = DMUDID.h; sourceTree = "<group>"; };
		53149E3D1587A5860068ADB7 /* DMUDID.m */ = {isa = PBXFileReference; fileEncoding = 4; lastKnownFileType = sourcecode.c.objc; path = DMUDID.m; sourceTree = "<group>"; };
		531580C01589F81200F25C7D /* DMReachability.h */ = {isa = PBXFileReference; fileEncoding = 4; lastKnownFileType = sourcecode.c.h; path = DMReachability.h; sourceTree = "<group>"; };
		531580C11589F81200F25C7D /* DMReachability.m */ = {isa = PBXFileReference; fileEncoding = 4; lastKnownFileType = sourcecode.c.objc; path = DMReachability.m; sourceTree = "<group>"; };
		531580C7158A21C700F25C7D /* SystemConfiguration.framework */ = {isa = PBXFileReference; lastKnownFileType = wrapper.framework; name = SystemConfiguration.framework; path = System/Library/Frameworks/SystemConfiguration.framework; sourceTree = SDKROOT; };
		531580CB158A269A00F25C7D /* DMItem.h */ = {isa = PBXFileReference; fileEncoding = 4; lastKnownFileType = sourcecode.c.h; path = DMItem.h; sourceTree = "<group>"; };
		531580CC158A269A00F25C7D /* DMItem.m */ = {isa = PBXFileReference; fileEncoding = 4; lastKnownFileType = sourcecode.c.objc; path = DMItem.m; sourceTree = "<group>"; };
		531580CF158A473700F25C7D /* DMAPICacheInfo.h */ = {isa = PBXFileReference; fileEncoding = 4; lastKnownFileType = sourcecode.c.h; path = DMAPICacheInfo.h; sourceTree = "<group>"; };
		531580D0158A473700F25C7D /* DMAPICacheInfo.m */ = {isa = PBXFileReference; fileEncoding = 4; lastKnownFileType = sourcecode.c.objc; path = DMAPICacheInfo.m; sourceTree = "<group>"; };
		531580D3158A94B500F25C7D /* DMItemTest.h */ = {isa = PBXFileReference; fileEncoding = 4; lastKnownFileType = sourcecode.c.h; name = DMItemTest.h; path = Model/DMItemTest.h; sourceTree = "<group>"; };
		531580D4158A94B600F25C7D /* DMItemTest.m */ = {isa = PBXFileReference; fileEncoding = 4; lastKnownFileType = sourcecode.c.objc; name = DMItemTest.m; path = Model/DMItemTest.m; sourceTree = "<group>"; };
		531A6310158514F700EB269B /* DMOAuthSession.h */ = {isa = PBXFileReference; fileEncoding = 4; lastKnownFileType = sourcecode.c.h; path = DMOAuthSession.h; sourceTree = "<group>"; };
		531A6311158514F700EB269B /* DMOAuthSession.m */ = {isa = PBXFileReference; fileEncoding = 4; lastKnownFileType = sourcecode.c.objc; path = DMOAuthSession.m; sourceTree = "<group>"; };
		531A63141585512000EB269B /* Security.framework */ = {isa = PBXFileReference; lastKnownFileType = wrapper.framework; name = Security.framework; path = System/Library/Frameworks/Security.framework; sourceTree = SDKROOT; };
		531A63161585670D00EB269B /* DMOAuthSessionTest.h */ = {isa = PBXFileReference; fileEncoding = 4; lastKnownFileType = sourcecode.c.h; name = DMOAuthSessionTest.h; path = OAuth/DMOAuthSessionTest.h; sourceTree = "<group>"; };
		531A63171585670D00EB269B /* DMOAuthSessionTest.m */ = {isa = PBXFileReference; fileEncoding = 4; lastKnownFileType = sourcecode.c.objc; name = DMOAuthSessionTest.m; path = OAuth/DMOAuthSessionTest.m; sourceTree = "<group>"; };
		531A63191586069B00EB269B /* DMOAuthClient.h */ = {isa = PBXFileReference; fileEncoding = 4; lastKnownFileType = sourcecode.c.h; path = DMOAuthClient.h; sourceTree = "<group>"; };
		531A631A1586069B00EB269B /* DMOAuthClient.m */ = {isa = PBXFileReference; fileEncoding = 4; lastKnownFileType = sourcecode.c.objc; path = DMOAuthClient.m; sourceTree = "<group>"; };
		531A631D1586175700EB269B /* DMAPIError.h */ = {isa = PBXFileReference; fileEncoding = 4; lastKnownFileType = sourcecode.c.h; path = DMAPIError.h; sourceTree = "<group>"; };
		531A631E1586175700EB269B /* DMAPIError.m */ = {isa = PBXFileReference; fileEncoding = 4; lastKnownFileType = sourcecode.c.objc; path = DMAPIError.m; sourceTree = "<group>"; };
		531A632C15862E2E00EB269B /* DMAPICallQueue.h */ = {isa = PBXFileReference; fileEncoding = 4; lastKnownFileType = sourcecode.c.h; path = DMAPICallQueue.h; sourceTree = "<group>"; };
		531A632D15862E2E00EB269B /* DMAPICallQueue.m */ = {isa = PBXFileReference; fileEncoding = 4; lastKnownFileType = sourcecode.c.objc; path = DMAPICallQueue.m; sourceTree = "<group>"; };
		533B5E5E1267483D00D3A924 /* DailymotionTestConfig.h */ = {isa = PBXFileReference; fileEncoding = 4; lastKnownFileType = sourcecode.c.h; path = DailymotionTestConfig.h; sourceTree = "<group>"; };
		5367100C15991FFF00180094 /* DMItemDataSourceItem.h */ = {isa = PBXFileReference; fileEncoding = 4; lastKnownFileType = sourcecode.c.h; path = DMItemDataSourceItem.h; sourceTree = "<group>"; };
		536DA16915A48B1500941F43 /* DMSubscriptingSupport.h */ = {isa = PBXFileReference; lastKnownFileType = sourcecode.c.h; path = DMSubscriptingSupport.h; sourceTree = "<group>"; };
		53706AFF15A3280200D29386 /* DMItemPageViewDataSource.h */ = {isa = PBXFileReference; fileEncoding = 4; lastKnownFileType = sourcecode.c.h; path = DMItemPageViewDataSource.h; sourceTree = "<group>"; };
		53706B0015A3280200D29386 /* DMItemPageViewDataSource.m */ = {isa = PBXFileReference; fileEncoding = 4; lastKnownFileType = sourcecode.c.objc; path = DMItemPageViewDataSource.m; sourceTree = "<group>"; };
		53943F0015BF76EF00F42452 /* DMItemPickerViewDataSource.h */ = {isa = PBXFileReference; fileEncoding = 4; lastKnownFileType = sourcecode.c.h; path = DMItemPickerViewDataSource.h; sourceTree = "<group>"; };
		53943F0115BF76EF00F42452 /* DMItemPickerViewDataSource.m */ = {isa = PBXFileReference; fileEncoding = 4; lastKnownFileType = sourcecode.c.objc; path = DMItemPickerViewDataSource.m; sourceTree = "<group>"; };
		53943F0415BF7E6C00F42452 /* DMItemPickerViewComponent.h */ = {isa = PBXFileReference; fileEncoding = 4; lastKnownFileType = sourcecode.c.h; path = DMItemPickerViewComponent.h; sourceTree = "<group>"; };
		53943F0515BF7E6C00F42452 /* DMItemPickerViewComponent.m */ = {isa = PBXFileReference; fileEncoding = 4; lastKnownFileType = sourcecode.c.objc; path = DMItemPickerViewComponent.m; sourceTree = "<group>"; };
		53943F0815BF97D300F42452 /* DMItemPickerLabel.h */ = {isa = PBXFileReference; fileEncoding = 4; lastKnownFileType = sourcecode.c.h; path = DMItemPickerLabel.h; sourceTree = "<group>"; };
		53943F0915BF97D300F42452 /* DMItemPickerLabel.m */ = {isa = PBXFileReference; fileEncoding = 4; lastKnownFileType = sourcecode.c.objc; path = DMItemPickerLabel.m; sourceTree = "<group>"; };
		5394A30215AC8F8B00BE76FF /* DMRangeInputStream.h */ = {isa = PBXFileReference; fileEncoding = 4; lastKnownFileType = sourcecode.c.h; path = DMRangeInputStream.h; sourceTree = "<group>"; };
		5394A30315AC8F8B00BE76FF /* DMRangeInputStream.m */ = {isa = PBXFileReference; fileEncoding = 4; lastKnownFileType = sourcecode.c.objc; path = DMRangeInputStream.m; sourceTree = "<group>"; };
		5394A30715AC96F100BE76FF /* DMAPITransfer.h */ = {isa = PBXFileReference; fileEncoding = 4; lastKnownFileType = sourcecode.c.h; path = DMAPITransfer.h; sourceTree = "<group>"; };
		5394A30815AC96F100BE76FF /* DMAPITransfer.m */ = {isa = PBXFileReference; fileEncoding = 4; lastKnownFileType = sourcecode.c.objc; path = DMAPITransfer.m; sourceTree = "<group>"; };
		5397428415872ED000ABF402 /* DMOAuthRequestOperation.h */ = {isa = PBXFileReference; fileEncoding = 4; lastKnownFileType = sourcecode.c.h; path = DMOAuthRequestOperation.h; sourceTree = "<group>"; };
		5397428515872ED000ABF402 /* DMOAuthRequestOperation.m */ = {isa = PBXFileReference; fileEncoding = 4; lastKnownFileType = sourcecode.c.objc; path = DMOAuthRequestOperation.m; sourceTree = "<group>"; };
		539DB69F15992A8D0029B767 /* DailymotionSDK.h */ = {isa = PBXFileReference; fileEncoding = 4; lastKnownFileType = sourcecode.c.h; path = DailymotionSDK.h; sourceTree = "<group>"; };
		539DB6B415994F5B0029B767 /* DMItemTableViewCellDefaultCell.h */ = {isa = PBXFileReference; fileEncoding = 4; lastKnownFileType = sourcecode.c.h; path = DMItemTableViewCellDefaultCell.h; sourceTree = "<group>"; };
		539DB6B515994F5B0029B767 /* DMItemTableViewCellDefaultCell.m */ = {isa = PBXFileReference; fileEncoding = 4; lastKnownFileType = sourcecode.c.objc; path = DMItemTableViewCellDefaultCell.m; sourceTree = "<group>"; };
		53BFC71B160C620200214FDD /* DMItemCollectionViewDataSource.h */ = {isa = PBXFileReference; fileEncoding = 4; lastKnownFileType = sourcecode.c.h; path = DMItemCollectionViewDataSource.h; sourceTree = "<group>"; };
		53BFC71C160C620200214FDD /* DMItemCollectionViewDataSource.m */ = {isa = PBXFileReference; fileEncoding = 4; lastKnownFileType = sourcecode.c.objc; path = DMItemCollectionViewDataSource.m; sourceTree = "<group>"; };
		53BFC71F160C622200214FDD /* DMItemCollectionViewController.h */ = {isa = PBXFileReference; fileEncoding = 4; lastKnownFileType = sourcecode.c.h; path = DMItemCollectionViewController.h; sourceTree = "<group>"; };
		53BFC720160C622200214FDD /* DMItemCollectionViewController.m */ = {isa = PBXFileReference; fileEncoding = 4; lastKnownFileType = sourcecode.c.objc; path = DMItemCollectionViewController.m; sourceTree = "<group>"; };
		53C52B7415A5E3D800903816 /* DMAPIArchiverDelegate.h */ = {isa = PBXFileReference; fileEncoding = 4; lastKnownFileType = sourcecode.c.h; path = DMAPIArchiverDelegate.h; sourceTree = "<group>"; };
		53C52B7515A5E3D800903816 /* DMAPIArchiverDelegate.m */ = {isa = PBXFileReference; fileEncoding = 4; lastKnownFileType = sourcecode.c.objc; path = DMAPIArchiverDelegate.m; sourceTree = "<group>"; };
		53C52B8115A6586E00903816 /* DMItemRemoteCollection.h */ = {isa = PBXFileReference; fileEncoding = 4; lastKnownFileType = sourcecode.c.h; path = DMItemRemoteCollection.h; sourceTree = "<group>"; };
		53C52B8215A6586E00903816 /* DMItemRemoteCollection.m */ = {isa = PBXFileReference; fileEncoding = 4; lastKnownFileType = sourcecode.c.objc; path = DMItemRemoteCollection.m; sourceTree = "<group>"; };
		53CAED1B15A26225007CE81B /* DMAdditionsTest.h */ = {isa = PBXFileReference; fileEncoding = 4; lastKnownFileType = sourcecode.c.h; name = DMAdditionsTest.h; path = Utils/DMAdditionsTest.h; sourceTree = "<group>"; };
		53CAED1C15A26225007CE81B /* DMAdditionsTest.m */ = {isa = PBXFileReference; fileEncoding = 4; lastKnownFileType = sourcecode.c.objc; name = DMAdditionsTest.m; path = Utils/DMAdditionsTest.m; sourceTree = "<group>"; };
		53CAED1F15A2F422007CE81B /* DMAlert.h */ = {isa = PBXFileReference; fileEncoding = 4; lastKnownFileType = sourcecode.c.h; path = DMAlert.h; sourceTree = "<group>"; };
		53CAED2015A2F422007CE81B /* DMAlert.m */ = {isa = PBXFileReference; fileEncoding = 4; lastKnownFileType = sourcecode.c.objc; path = DMAlert.m; sourceTree = "<group>"; };
		53DF783E15A6656A00FB0E9D /* DMItemLocalCollection.h */ = {isa = PBXFileReference; fileEncoding = 4; lastKnownFileType = sourcecode.c.h; path = DMItemLocalCollection.h; sourceTree = "<group>"; };
		53DF783F15A6656A00FB0E9D /* DMItemLocalCollection.m */ = {isa = PBXFileReference; fileEncoding = 4; lastKnownFileType = sourcecode.c.objc; path = DMItemLocalCollection.m; sourceTree = "<group>"; };
		53DF784415A7182B00FB0E9D /* DMItemRemoteCollectionTest.h */ = {isa = PBXFileReference; fileEncoding = 4; lastKnownFileType = sourcecode.c.h; name = DMItemRemoteCollectionTest.h; path = Model/DMItemRemoteCollectionTest.h; sourceTree = "<group>"; };
		53DF784515A7182B00FB0E9D /* DMItemRemoteCollectionTest.m */ = {isa = PBXFileReference; fileEncoding = 4; lastKnownFileType = sourcecode.c.objc; name = DMItemRemoteCollectionTest.m; path = Model/DMItemRemoteCollectionTest.m; sourceTree = "<group>"; };
		53E270FB126369C100B541BE /* DMAPI.h */ = {isa = PBXFileReference; fileEncoding = 4; lastKnownFileType = sourcecode.c.h; path = DMAPI.h; sourceTree = "<group>"; };
		53E270FC126369C100B541BE /* DMAPI.m */ = {isa = PBXFileReference; fileEncoding = 4; lastKnownFileType = sourcecode.c.objc; path = DMAPI.m; sourceTree = "<group>"; };
		53E273561265BD1C00B541BE /* Tests.octest */ = {isa = PBXFileReference; explicitFileType = wrapper.cfbundle; includeInIndex = 0; path = Tests.octest; sourceTree = BUILT_PRODUCTS_DIR; };
		53E273C71265C23E00B541BE /* DMAPITest.h */ = {isa = PBXFileReference; fileEncoding = 4; lastKnownFileType = sourcecode.c.h; name = DMAPITest.h; path = API/DMAPITest.h; sourceTree = "<group>"; };
		53E273C81265C23E00B541BE /* DMAPITest.m */ = {isa = PBXFileReference; fileEncoding = 4; lastKnownFileType = sourcecode.c.objc; name = DMAPITest.m; path = API/DMAPITest.m; sourceTree = "<group>"; };
		53E8F682158AB39D000A5BF3 /* DMAdditions.h */ = {isa = PBXFileReference; fileEncoding = 4; lastKnownFileType = sourcecode.c.h; path = DMAdditions.h; sourceTree = "<group>"; };
		53E8F683158AB39D000A5BF3 /* DMAdditions.m */ = {isa = PBXFileReference; fileEncoding = 4; lastKnownFileType = sourcecode.c.objc; path = DMAdditions.m; sourceTree = "<group>"; };
		53E8F688158B6138000A5BF3 /* DMItemCollection.h */ = {isa = PBXFileReference; fileEncoding = 4; lastKnownFileType = sourcecode.c.h; path = DMItemCollection.h; sourceTree = "<group>"; };
		53E8F689158B6138000A5BF3 /* DMItemCollection.m */ = {isa = PBXFileReference; fileEncoding = 4; lastKnownFileType = sourcecode.c.objc; path = DMItemCollection.m; sourceTree = "<group>"; };
		53E8F695158B67A0000A5BF3 /* DMQueryString.h */ = {isa = PBXFileReference; fileEncoding = 4; lastKnownFileType = sourcecode.c.h; path = DMQueryString.h; sourceTree = "<group>"; };
		53E8F696158B67A0000A5BF3 /* DMQueryString.m */ = {isa = PBXFileReference; fileEncoding = 4; lastKnownFileType = sourcecode.c.objc; path = DMQueryString.m; sourceTree = "<group>"; };
		53E8F6AC158E9C62000A5BF3 /* DMTestUtils.h */ = {isa = PBXFileReference; lastKnownFileType = sourcecode.c.h; path = DMTestUtils.h; sourceTree = "<group>"; };
		53E8F6B5158F5EA2000A5BF3 /* DMItemOperation.h */ = {isa = PBXFileReference; fileEncoding = 4; lastKnownFileType = sourcecode.c.h; path = DMItemOperation.h; sourceTree = "<group>"; };
		53E8F6B6158F5EA2000A5BF3 /* DMItemOperation.m */ = {isa = PBXFileReference; fileEncoding = 4; lastKnownFileType = sourcecode.c.objc; path = DMItemOperation.m; sourceTree = "<group>"; };
		53F0816915827C43000E56C4 /* DMNetworking.h */ = {isa = PBXFileReference; fileEncoding = 4; lastKnownFileType = sourcecode.c.h; path = DMNetworking.h; sourceTree = "<group>"; };
		53F0816A15827C43000E56C4 /* DMNetworking.m */ = {isa = PBXFileReference; fileEncoding = 4; lastKnownFileType = sourcecode.c.objc; path = DMNetworking.m; sourceTree = "<group>"; };
		AA747D9E0F9514B9006C5449 /* iOS_Prefix.pch */ = {isa = PBXFileReference; fileEncoding = 4; lastKnownFileType = sourcecode.c.h; path = iOS_Prefix.pch; sourceTree = "<group>"; };
		AACBBE490F95108600F1A2B1 /* Foundation.framework */ = {isa = PBXFileReference; lastKnownFileType = wrapper.framework; name = Foundation.framework; path = System/Library/Frameworks/Foundation.framework; sourceTree = SDKROOT; };
		D2AAC07E0554694100DB518D /* libDailymotionSDK.a */ = {isa = PBXFileReference; explicitFileType = archive.ar; includeInIndex = 0; path = libDailymotionSDK.a; sourceTree = BUILT_PRODUCTS_DIR; };
/* End PBXFileReference section */

/* Begin PBXFrameworksBuildPhase section */
		53E273531265BD1C00B541BE /* Frameworks */ = {
			isa = PBXFrameworksBuildPhase;
			buildActionMask = 2147483647;
			files = (
				531A63151585512000EB269B /* Security.framework in Frameworks */,
				53E274201266302900B541BE /* libDailymotionSDK.a in Frameworks */,
				531580C9158A21E200F25C7D /* SystemConfiguration.framework in Frameworks */,
			);
			runOnlyForDeploymentPostprocessing = 0;
		};
		D2AAC07C0554694100DB518D /* Frameworks */ = {
			isa = PBXFrameworksBuildPhase;
			buildActionMask = 2147483647;
			files = (
				AACBBE4A0F95108600F1A2B1 /* Foundation.framework in Frameworks */,
			);
			runOnlyForDeploymentPostprocessing = 0;
		};
/* End PBXFrameworksBuildPhase section */

/* Begin PBXGroup section */
		034768DFFF38A50411DB9C8B /* Products */ = {
			isa = PBXGroup;
			children = (
				D2AAC07E0554694100DB518D /* libDailymotionSDK.a */,
				53E273561265BD1C00B541BE /* Tests.octest */,
			);
			name = Products;
			sourceTree = "<group>";
		};
		0867D691FE84028FC02AAC07 /* dailymotion-sdk-objc */ = {
			isa = PBXGroup;
			children = (
				08FB77AEFE84172EC02AAC07 /* Source */,
				53E273741265BD9700B541BE /* Tests */,
				32C88DFF0371C24200C91783 /* Other Sources */,
				0867D69AFE84028FC02AAC07 /* Frameworks */,
				034768DFFF38A50411DB9C8B /* Products */,
			);
			name = "dailymotion-sdk-objc";
			sourceTree = "<group>";
		};
		0867D69AFE84028FC02AAC07 /* Frameworks */ = {
			isa = PBXGroup;
			children = (
				531580C7158A21C700F25C7D /* SystemConfiguration.framework */,
				531A63141585512000EB269B /* Security.framework */,
				AACBBE490F95108600F1A2B1 /* Foundation.framework */,
			);
			name = Frameworks;
			sourceTree = "<group>";
		};
		08FB77AEFE84172EC02AAC07 /* Source */ = {
			isa = PBXGroup;
			children = (
				539DB69F15992A8D0029B767 /* DailymotionSDK.h */,
				53670FD41598DC6C00180094 /* UIKit */,
				531580CA158A262C00F25C7D /* Model */,
				531ED7AA1586A220005F6FE5 /* API */,
				531ED7AF1586A5B6005F6FE5 /* Player */,
				531ED7AB1586A236005F6FE5 /* Networking */,
				531ED7B11586A5D2005F6FE5 /* OAuth */,
				53149E361587A30A0068ADB7 /* Utils */,
			);
			name = Source;
			path = "Dailymotion SDK";
			sourceTree = "<group>";
		};
		32C88DFF0371C24200C91783 /* Other Sources */ = {
			isa = PBXGroup;
			children = (
				AA747D9E0F9514B9006C5449 /* iOS_Prefix.pch */,
				5307CEB016233DF80052762A /* AppledocSettings.plist */,
			);
			name = "Other Sources";
			sourceTree = "<group>";
		};
		53149E361587A30A0068ADB7 /* Utils */ = {
			isa = PBXGroup;
			children = (
				53149E3C1587A5860068ADB7 /* DMUDID.h */,
				53149E3D1587A5860068ADB7 /* DMUDID.m */,
				53E8F682158AB39D000A5BF3 /* DMAdditions.h */,
				53E8F683158AB39D000A5BF3 /* DMAdditions.m */,
				53E8F695158B67A0000A5BF3 /* DMQueryString.h */,
				53E8F696158B67A0000A5BF3 /* DMQueryString.m */,
				53CAED1F15A2F422007CE81B /* DMAlert.h */,
				53CAED2015A2F422007CE81B /* DMAlert.m */,
				536DA16915A48B1500941F43 /* DMSubscriptingSupport.h */,
			);
			path = Utils;
			sourceTree = "<group>";
		};
		531580CA158A262C00F25C7D /* Model */ = {
			isa = PBXGroup;
			children = (
				531580CB158A269A00F25C7D /* DMItem.h */,
				531580CC158A269A00F25C7D /* DMItem.m */,
				53E8F688158B6138000A5BF3 /* DMItemCollection.h */,
				53E8F689158B6138000A5BF3 /* DMItemCollection.m */,
				53C52B8115A6586E00903816 /* DMItemRemoteCollection.h */,
				53C52B8215A6586E00903816 /* DMItemRemoteCollection.m */,
				53DF783E15A6656A00FB0E9D /* DMItemLocalCollection.h */,
				53DF783F15A6656A00FB0E9D /* DMItemLocalCollection.m */,
				53E8F6B5158F5EA2000A5BF3 /* DMItemOperation.h */,
				53E8F6B6158F5EA2000A5BF3 /* DMItemOperation.m */,
			);
			path = Model;
			sourceTree = "<group>";
		};
		531ED7AA1586A220005F6FE5 /* API */ = {
			isa = PBXGroup;
			children = (
				53E270FB126369C100B541BE /* DMAPI.h */,
				53E270FC126369C100B541BE /* DMAPI.m */,
				531A631D1586175700EB269B /* DMAPIError.h */,
				531A631E1586175700EB269B /* DMAPIError.m */,
				531A632C15862E2E00EB269B /* DMAPICallQueue.h */,
				531A632D15862E2E00EB269B /* DMAPICallQueue.m */,
				53002EAD15878AF70060AC98 /* DMAPICall.h */,
				53002EAE15878AF70060AC98 /* DMAPICall.m */,
				5394A30715AC96F100BE76FF /* DMAPITransfer.h */,
				5394A30815AC96F100BE76FF /* DMAPITransfer.m */,
				531580CF158A473700F25C7D /* DMAPICacheInfo.h */,
				531580D0158A473700F25C7D /* DMAPICacheInfo.m */,
				53C52B7415A5E3D800903816 /* DMAPIArchiverDelegate.h */,
				53C52B7515A5E3D800903816 /* DMAPIArchiverDelegate.m */,
			);
			path = API;
			sourceTree = "<group>";
		};
		531ED7AB1586A236005F6FE5 /* Networking */ = {
			isa = PBXGroup;
			children = (
				531580C01589F81200F25C7D /* DMReachability.h */,
				531580C11589F81200F25C7D /* DMReachability.m */,
				53F0816915827C43000E56C4 /* DMNetworking.h */,
				53F0816A15827C43000E56C4 /* DMNetworking.m */,
				53002EA815876C860060AC98 /* DMNetRequestOperation.h */,
				53002EA915876C860060AC98 /* DMNetRequestOperation.m */,
				5394A30215AC8F8B00BE76FF /* DMRangeInputStream.h */,
				5394A30315AC8F8B00BE76FF /* DMRangeInputStream.m */,
			);
			path = Networking;
			sourceTree = "<group>";
		};
		531ED7AF1586A5B6005F6FE5 /* Player */ = {
			isa = PBXGroup;
			children = (
				531138761430D68400ED3153 /* DMPlayerViewController.h */,
				531138771430D68400ED3153 /* DMPlayerViewController.m */,
			);
			path = Player;
			sourceTree = "<group>";
		};
		531ED7B11586A5D2005F6FE5 /* OAuth */ = {
			isa = PBXGroup;
			children = (
				531A63191586069B00EB269B /* DMOAuthClient.h */,
				531A631A1586069B00EB269B /* DMOAuthClient.m */,
				531A6310158514F700EB269B /* DMOAuthSession.h */,
				531A6311158514F700EB269B /* DMOAuthSession.m */,
				5397428415872ED000ABF402 /* DMOAuthRequestOperation.h */,
				5397428515872ED000ABF402 /* DMOAuthRequestOperation.m */,
			);
			path = OAuth;
			sourceTree = "<group>";
		};
		53670FD41598DC6C00180094 /* UIKit */ = {
			isa = PBXGroup;
			children = (
				5367100C15991FFF00180094 /* DMItemDataSourceItem.h */,
				53943EFF15BF76B900F42452 /* UIPickerView */,
				53706AFE15A327BF00D29386 /* UIPageViewController */,
				53706AFC15A327AE00D29386 /* UITableViewController */,
				53BFC719160C612B00214FDD /* UICollectionViewController */,
			);
			path = UIKit;
			sourceTree = "<group>";
		};
		53706AFC15A327AE00D29386 /* UITableViewController */ = {
			isa = PBXGroup;
			children = (
				530BCB5E15C0548D007C6917 /* DMItemTableViewDataSource.h */,
				530BCB5F15C0548D007C6917 /* DMItemTableViewDataSource.m */,
				530BCB6215C054BA007C6917 /* DMItemTableViewController.h */,
				530BCB6315C054BA007C6917 /* DMItemTableViewController.m */,
				539DB6B415994F5B0029B767 /* DMItemTableViewCellDefaultCell.h */,
				539DB6B515994F5B0029B767 /* DMItemTableViewCellDefaultCell.m */,
			);
			name = UITableViewController;
			sourceTree = "<group>";
		};
		53706AFE15A327BF00D29386 /* UIPageViewController */ = {
			isa = PBXGroup;
			children = (
				53706AFF15A3280200D29386 /* DMItemPageViewDataSource.h */,
				53706B0015A3280200D29386 /* DMItemPageViewDataSource.m */,
			);
			name = UIPageViewController;
			sourceTree = "<group>";
		};
		53943EFF15BF76B900F42452 /* UIPickerView */ = {
			isa = PBXGroup;
			children = (
				53943F0015BF76EF00F42452 /* DMItemPickerViewDataSource.h */,
				53943F0115BF76EF00F42452 /* DMItemPickerViewDataSource.m */,
				53943F0415BF7E6C00F42452 /* DMItemPickerViewComponent.h */,
				53943F0515BF7E6C00F42452 /* DMItemPickerViewComponent.m */,
				53943F0815BF97D300F42452 /* DMItemPickerLabel.h */,
				53943F0915BF97D300F42452 /* DMItemPickerLabel.m */,
			);
			name = UIPickerView;
			sourceTree = "<group>";
		};
		53BFC719160C612B00214FDD /* UICollectionViewController */ = {
			isa = PBXGroup;
			children = (
				53BFC71B160C620200214FDD /* DMItemCollectionViewDataSource.h */,
				53BFC71C160C620200214FDD /* DMItemCollectionViewDataSource.m */,
				53BFC71F160C622200214FDD /* DMItemCollectionViewController.h */,
				53BFC720160C622200214FDD /* DMItemCollectionViewController.m */,
			);
			name = UICollectionViewController;
			sourceTree = "<group>";
		};
		53E273741265BD9700B541BE /* Tests */ = {
			isa = PBXGroup;
			children = (
				53E8F6AC158E9C62000A5BF3 /* DMTestUtils.h */,
				533B5E5E1267483D00D3A924 /* DailymotionTestConfig.h */,
				53E273C71265C23E00B541BE /* DMAPITest.h */,
				53E273C81265C23E00B541BE /* DMAPITest.m */,
				531A63161585670D00EB269B /* DMOAuthSessionTest.h */,
				531A63171585670D00EB269B /* DMOAuthSessionTest.m */,
				531580D3158A94B500F25C7D /* DMItemTest.h */,
				531580D4158A94B600F25C7D /* DMItemTest.m */,
				53DF784415A7182B00FB0E9D /* DMItemRemoteCollectionTest.h */,
				53DF784515A7182B00FB0E9D /* DMItemRemoteCollectionTest.m */,
				53CAED1B15A26225007CE81B /* DMAdditionsTest.h */,
				53CAED1C15A26225007CE81B /* DMAdditionsTest.m */,
			);
			name = Tests;
			path = "Dailymotion SDK";
			sourceTree = "<group>";
		};
/* End PBXGroup section */

/* Begin PBXHeadersBuildPhase section */
		D2AAC07A0554694100DB518D /* Headers */ = {
			isa = PBXHeadersBuildPhase;
			buildActionMask = 2147483647;
			files = (
				AA747D9F0F9514B9006C5449 /* iOS_Prefix.pch in Headers */,
				53E270FD126369C100B541BE /* DMAPI.h in Headers */,
				531138781430D68400ED3153 /* DMPlayerViewController.h in Headers */,
				53F0816B15827C43000E56C4 /* DMNetworking.h in Headers */,
				531A6312158514F700EB269B /* DMOAuthSession.h in Headers */,
				531A631B1586069B00EB269B /* DMOAuthClient.h in Headers */,
				531A631F1586175700EB269B /* DMAPIError.h in Headers */,
				531A632E15862E2E00EB269B /* DMAPICallQueue.h in Headers */,
				5397428615872ED000ABF402 /* DMOAuthRequestOperation.h in Headers */,
				53002EAA15876C860060AC98 /* DMNetRequestOperation.h in Headers */,
				53002EAF15878AF70060AC98 /* DMAPICall.h in Headers */,
				53149E3E1587A5860068ADB7 /* DMUDID.h in Headers */,
				531580C21589F81200F25C7D /* DMReachability.h in Headers */,
				531580CD158A269A00F25C7D /* DMItem.h in Headers */,
				531580D1158A473800F25C7D /* DMAPICacheInfo.h in Headers */,
				53E8F684158AB39D000A5BF3 /* DMAdditions.h in Headers */,
				53E8F68A158B6138000A5BF3 /* DMItemCollection.h in Headers */,
				53E8F697158B67A0000A5BF3 /* DMQueryString.h in Headers */,
				53E8F6B7158F5EA2000A5BF3 /* DMItemOperation.h in Headers */,
				5367100E15991FFF00180094 /* DMItemDataSourceItem.h in Headers */,
				539DB6A115992A8D0029B767 /* DailymotionSDK.h in Headers */,
				539DB6B615994F5B0029B767 /* DMItemTableViewCellDefaultCell.h in Headers */,
				53CAED2115A2F422007CE81B /* DMAlert.h in Headers */,
				53706B0115A3280200D29386 /* DMItemPageViewDataSource.h in Headers */,
				53C52B7615A5E3D800903816 /* DMAPIArchiverDelegate.h in Headers */,
				53C52B8315A6586E00903816 /* DMItemRemoteCollection.h in Headers */,
				53DF784015A6656A00FB0E9D /* DMItemLocalCollection.h in Headers */,
				5394A30415AC8F8B00BE76FF /* DMRangeInputStream.h in Headers */,
				5394A30915AC96F100BE76FF /* DMAPITransfer.h in Headers */,
				53943F0215BF76EF00F42452 /* DMItemPickerViewDataSource.h in Headers */,
				53943F0615BF7E6C00F42452 /* DMItemPickerViewComponent.h in Headers */,
				53943F0A15BF97D300F42452 /* DMItemPickerLabel.h in Headers */,
				530BCB6015C0548D007C6917 /* DMItemTableViewDataSource.h in Headers */,
				530BCB6415C054BA007C6917 /* DMItemTableViewController.h in Headers */,
				53BFC71D160C620200214FDD /* DMItemCollectionViewDataSource.h in Headers */,
				53BFC721160C622200214FDD /* DMItemCollectionViewController.h in Headers */,
			);
			runOnlyForDeploymentPostprocessing = 0;
		};
/* End PBXHeadersBuildPhase section */

/* Begin PBXNativeTarget section */
		53E273551265BD1C00B541BE /* DailymotionTests */ = {
			isa = PBXNativeTarget;
			buildConfigurationList = 53E2735A1265BD1D00B541BE /* Build configuration list for PBXNativeTarget "DailymotionTests" */;
			buildPhases = (
				53E273511265BD1C00B541BE /* Resources */,
				53E273521265BD1C00B541BE /* Sources */,
				53E273531265BD1C00B541BE /* Frameworks */,
				53E273541265BD1C00B541BE /* ShellScript */,
			);
			buildRules = (
			);
			dependencies = (
				53E2735C1265BD4300B541BE /* PBXTargetDependency */,
			);
			name = DailymotionTests;
			productName = Tests;
			productReference = 53E273561265BD1C00B541BE /* Tests.octest */;
			productType = "com.apple.product-type.bundle";
		};
		D2AAC07D0554694100DB518D /* DailymotionSDK */ = {
			isa = PBXNativeTarget;
			buildConfigurationList = 1DEB921E08733DC00010E9CD /* Build configuration list for PBXNativeTarget "DailymotionSDK" */;
			buildPhases = (
				D2AAC07A0554694100DB518D /* Headers */,
				D2AAC07B0554694100DB518D /* Sources */,
				D2AAC07C0554694100DB518D /* Frameworks */,
				539F90FE1631644E00160719 /* Prepare Framework */,
			);
			buildRules = (
			);
			dependencies = (
			);
			name = DailymotionSDK;
			productName = "dailymotion-sdk-objc";
			productReference = D2AAC07E0554694100DB518D /* libDailymotionSDK.a */;
			productType = "com.apple.product-type.library.static";
		};
/* End PBXNativeTarget section */

/* Begin PBXProject section */
		0867D690FE84028FC02AAC07 /* Project object */ = {
			isa = PBXProject;
			attributes = {
				LastUpgradeCheck = 0430;
			};
			buildConfigurationList = 1DEB922208733DC00010E9CD /* Build configuration list for PBXProject "Dailymotion SDK" */;
			compatibilityVersion = "Xcode 3.2";
			developmentRegion = English;
			hasScannedForEncodings = 1;
			knownRegions = (
				English,
				Japanese,
				French,
				German,
			);
			mainGroup = 0867D691FE84028FC02AAC07 /* dailymotion-sdk-objc */;
			productRefGroup = 034768DFFF38A50411DB9C8B /* Products */;
			projectDirPath = "";
			projectRoot = "";
			targets = (
				D2AAC07D0554694100DB518D /* DailymotionSDK */,
				53E273551265BD1C00B541BE /* DailymotionTests */,
				539F90FF1631651900160719 /* DailymotionFramework */,
			);
		};
/* End PBXProject section */

/* Begin PBXResourcesBuildPhase section */
		53E273511265BD1C00B541BE /* Resources */ = {
			isa = PBXResourcesBuildPhase;
			buildActionMask = 2147483647;
			files = (
			);
			runOnlyForDeploymentPostprocessing = 0;
		};
/* End PBXResourcesBuildPhase section */

/* Begin PBXShellScriptBuildPhase section */
		539F90FE1631644E00160719 /* Prepare Framework */ = {
			isa = PBXShellScriptBuildPhase;
			buildActionMask = 2147483647;
			files = (
			);
			inputPaths = (
			);
			name = "Prepare Framework";
			outputPaths = (
			);
			runOnlyForDeploymentPostprocessing = 0;
			shellPath = /bin/sh;
			shellScript = "set -e\n\nmkdir -p \"${BUILT_PRODUCTS_DIR}/${PRODUCT_NAME}.framework/Versions/A/Headers\"\n\n# Link the \"Current\" version to \"A\"\n/bin/ln -sfh A \"${BUILT_PRODUCTS_DIR}/${PRODUCT_NAME}.framework/Versions/Current\"\n/bin/ln -sfh Versions/Current/Headers \"${BUILT_PRODUCTS_DIR}/${PRODUCT_NAME}.framework/Headers\"\n/bin/ln -sfh \"Versions/Current/${PRODUCT_NAME}\" \"${BUILT_PRODUCTS_DIR}/${PRODUCT_NAME}.framework/${PRODUCT_NAME}\"\n\n# The -a ensures that the headers maintain the source modification date so that we don't constantly\n# cause propagating rebuilds of files that import these headers.\n/bin/cp -a \"${TARGET_BUILD_DIR}/${PUBLIC_HEADERS_FOLDER_PATH}/\" \"${BUILT_PRODUCTS_DIR}/${PRODUCT_NAME}.framework/Versions/A/Headers\"";
		};
		539F91051631656000160719 /* Build Framework */ = {
			isa = PBXShellScriptBuildPhase;
			buildActionMask = 2147483647;
			files = (
			);
			inputPaths = (
			);
			name = "Build Framework";
			outputPaths = (
			);
			runOnlyForDeploymentPostprocessing = 0;
			shellPath = /bin/sh;
			shellScript = "set -e\nset +u\n# Avoid recursively calling this script.\nif [[ $SF_MASTER_SCRIPT_RUNNING ]]\nthen\nexit 0\nfi\nset -u\nexport SF_MASTER_SCRIPT_RUNNING=1\n\nSF_TARGET_NAME=\"DailymotionSDK\"\nSF_EXECUTABLE_PATH=\"lib${SF_TARGET_NAME}.a\"\nSF_WRAPPER_NAME=\"${SF_TARGET_NAME}.framework\"\n\n# The following conditionals come from\n# https://github.com/kstenerud/iOS-Universal-Framework\n\nif [[ \"$SDK_NAME\" =~ ([A-Za-z]+) ]]\nthen\nSF_SDK_PLATFORM=${BASH_REMATCH[1]}\nelse\necho \"Could not find platform name from SDK_NAME: $SDK_NAME\"\nexit 1\nfi\n\nif [[ \"$SDK_NAME\" =~ ([0-9]+.*$) ]]\nthen\nSF_SDK_VERSION=${BASH_REMATCH[1]}\nelse\necho \"Could not find sdk version from SDK_NAME: $SDK_NAME\"\nexit 1\nfi\n\nif [[ \"$SF_SDK_PLATFORM\" = \"iphoneos\" ]]\nthen\nSF_OTHER_PLATFORM=iphonesimulator\nelse\nSF_OTHER_PLATFORM=iphoneos\nfi\n\nif [[ \"$BUILT_PRODUCTS_DIR\" =~ (.*)$SF_SDK_PLATFORM$ ]]\nthen\nSF_OTHER_BUILT_PRODUCTS_DIR=\"${BASH_REMATCH[1]}${SF_OTHER_PLATFORM}\"\nelse\necho \"Could not find platform name from build products directory: $BUILT_PRODUCTS_DIR\"\nexit 1\nfi\n\n# Build the other platform.\nxcodebuild -project \"${PROJECT_FILE_PATH}\" -target \"${TARGET_NAME}\" -configuration \"${CONFIGURATION}\" -sdk ${SF_OTHER_PLATFORM}${SF_SDK_VERSION} BUILD_DIR=\"${BUILD_DIR}\" OBJROOT=\"${OBJROOT}\" BUILD_ROOT=\"${BUILD_ROOT}\" SYMROOT=\"${SYMROOT}\" $ACTION\n\n# Smash the two static libraries into one fat binary and store it in the .framework\nlipo -create \"${BUILT_PRODUCTS_DIR}/${SF_EXECUTABLE_PATH}\" \"${SF_OTHER_BUILT_PRODUCTS_DIR}/${SF_EXECUTABLE_PATH}\" -output \"${BUILT_PRODUCTS_DIR}/${SF_WRAPPER_NAME}/Versions/A/${SF_TARGET_NAME}\"\n\n# Copy the binary to the other architecture folder to have a complete framework in both.\ncp -a \"${BUILT_PRODUCTS_DIR}/${SF_WRAPPER_NAME}/Versions/A/${SF_TARGET_NAME}\" \"${SF_OTHER_BUILT_PRODUCTS_DIR}/${SF_WRAPPER_NAME}/Versions/A/${SF_TARGET_NAME}\"\n\n";
		};
		53E273541265BD1C00B541BE /* ShellScript */ = {
			isa = PBXShellScriptBuildPhase;
			buildActionMask = 2147483647;
			files = (
			);
			inputPaths = (
			);
			outputPaths = (
			);
			runOnlyForDeploymentPostprocessing = 0;
			shellPath = /bin/sh;
			shellScript = "# Run the unit tests in this test bundle.\n\"${SYSTEM_DEVELOPER_DIR}/Tools/RunUnitTests\" 1> /tmp/RunUnitTests.out \n";
		};
/* End PBXShellScriptBuildPhase section */

/* Begin PBXSourcesBuildPhase section */
		53E273521265BD1C00B541BE /* Sources */ = {
			isa = PBXSourcesBuildPhase;
			buildActionMask = 2147483647;
			files = (
				53E273C91265C23E00B541BE /* DMAPITest.m in Sources */,
				531A63181585670D00EB269B /* DMOAuthSessionTest.m in Sources */,
				531580D5158A94B600F25C7D /* DMItemTest.m in Sources */,
				53CAED1D15A26225007CE81B /* DMAdditionsTest.m in Sources */,
				53DF784615A7182B00FB0E9D /* DMItemRemoteCollectionTest.m in Sources */,
			);
			runOnlyForDeploymentPostprocessing = 0;
		};
		D2AAC07B0554694100DB518D /* Sources */ = {
			isa = PBXSourcesBuildPhase;
			buildActionMask = 2147483647;
			files = (
				53E270FE126369C100B541BE /* DMAPI.m in Sources */,
				531138791430D68400ED3153 /* DMPlayerViewController.m in Sources */,
				53F0816C15827C43000E56C4 /* DMNetworking.m in Sources */,
				531A6313158514F700EB269B /* DMOAuthSession.m in Sources */,
				531A631C1586069B00EB269B /* DMOAuthClient.m in Sources */,
				531A63201586175700EB269B /* DMAPIError.m in Sources */,
				531A632F15862E2E00EB269B /* DMAPICallQueue.m in Sources */,
				5397428715872ED000ABF402 /* DMOAuthRequestOperation.m in Sources */,
				53002EAB15876C860060AC98 /* DMNetRequestOperation.m in Sources */,
				53002EB015878AF70060AC98 /* DMAPICall.m in Sources */,
				53149E3F1587A5860068ADB7 /* DMUDID.m in Sources */,
				531580C31589F81200F25C7D /* DMReachability.m in Sources */,
				531580CE158A269A00F25C7D /* DMItem.m in Sources */,
				531580D2158A473800F25C7D /* DMAPICacheInfo.m in Sources */,
				53E8F685158AB39D000A5BF3 /* DMAdditions.m in Sources */,
				53E8F68B158B6138000A5BF3 /* DMItemCollection.m in Sources */,
				53E8F698158B67A0000A5BF3 /* DMQueryString.m in Sources */,
				53E8F6B8158F5EA2000A5BF3 /* DMItemOperation.m in Sources */,
				539DB6B715994F5B0029B767 /* DMItemTableViewCellDefaultCell.m in Sources */,
				53CAED2215A2F422007CE81B /* DMAlert.m in Sources */,
				53706B0215A3280200D29386 /* DMItemPageViewDataSource.m in Sources */,
				53C52B7715A5E3D800903816 /* DMAPIArchiverDelegate.m in Sources */,
				53C52B8415A6586E00903816 /* DMItemRemoteCollection.m in Sources */,
				53DF784115A6656A00FB0E9D /* DMItemLocalCollection.m in Sources */,
				5394A30515AC8F8B00BE76FF /* DMRangeInputStream.m in Sources */,
				5394A30A15AC96F100BE76FF /* DMAPITransfer.m in Sources */,
				53943F0315BF76EF00F42452 /* DMItemPickerViewDataSource.m in Sources */,
				53943F0715BF7E6C00F42452 /* DMItemPickerViewComponent.m in Sources */,
				53943F0B15BF97D300F42452 /* DMItemPickerLabel.m in Sources */,
				530BCB6115C0548D007C6917 /* DMItemTableViewDataSource.m in Sources */,
				530BCB6515C054BA007C6917 /* DMItemTableViewController.m in Sources */,
				53BFC71E160C620200214FDD /* DMItemCollectionViewDataSource.m in Sources */,
				53BFC722160C622200214FDD /* DMItemCollectionViewController.m in Sources */,
			);
			runOnlyForDeploymentPostprocessing = 0;
		};
/* End PBXSourcesBuildPhase section */

/* Begin PBXTargetDependency section */
		539F91041631654700160719 /* PBXTargetDependency */ = {
			isa = PBXTargetDependency;
			target = D2AAC07D0554694100DB518D /* DailymotionSDK */;
			targetProxy = 539F91031631654700160719 /* PBXContainerItemProxy */;
		};
		53E2735C1265BD4300B541BE /* PBXTargetDependency */ = {
			isa = PBXTargetDependency;
			target = D2AAC07D0554694100DB518D /* DailymotionSDK */;
			targetProxy = 53E2735B1265BD4300B541BE /* PBXContainerItemProxy */;
		};
/* End PBXTargetDependency section */

/* Begin XCBuildConfiguration section */
		1DEB921F08733DC00010E9CD /* Debug */ = {
			isa = XCBuildConfiguration;
			buildSettings = {
				ALWAYS_SEARCH_USER_PATHS = NO;
				ARCHS = "$(ARCHS_STANDARD_32_BIT)";
				CLANG_ENABLE_OBJC_ARC = YES;
				COPY_PHASE_STRIP = NO;
				DEAD_CODE_STRIPPING = NO;
				DSTROOT = /tmp/dailymotion_sdk_objc.dst;
				GCC_DYNAMIC_NO_PIC = NO;
				GCC_MODEL_TUNING = G5;
				GCC_OPTIMIZATION_LEVEL = 0;
				GCC_PRECOMPILE_PREFIX_HEADER = YES;
				GCC_PREFIX_HEADER = iOS_Prefix.pch;
				GCC_VERSION = com.apple.compilers.llvm.clang.1_0;
				INSTALL_PATH = "“$(BUILT_PRODUCTS_DIR)”";
				IPHONEOS_DEPLOYMENT_TARGET = 5.0;
				PRODUCT_NAME = DailymotionSDK;
				PUBLIC_HEADERS_FOLDER_PATH = include/DailymotionSDK;
				SDKROOT = iphoneos;
				SKIP_INSTALL = YES;
				STRIP_STYLE = "non-global";
				USER_HEADER_SEARCH_PATHS = "“$(TARGET_NAME)”";
			};
			name = Debug;
		};
		1DEB922008733DC00010E9CD /* Release */ = {
			isa = XCBuildConfiguration;
			buildSettings = {
				ALWAYS_SEARCH_USER_PATHS = NO;
				ARCHS = "$(ARCHS_STANDARD_32_BIT)";
				CLANG_ENABLE_OBJC_ARC = YES;
				COPY_PHASE_STRIP = NO;
				DEAD_CODE_STRIPPING = NO;
				DSTROOT = /tmp/dailymotion_sdk_objc.dst;
				GCC_MODEL_TUNING = G5;
				GCC_PRECOMPILE_PREFIX_HEADER = YES;
				GCC_PREFIX_HEADER = iOS_Prefix.pch;
				GCC_VERSION = com.apple.compilers.llvm.clang.1_0;
				INSTALL_PATH = "“$(BUILT_PRODUCTS_DIR)”";
				IPHONEOS_DEPLOYMENT_TARGET = 5.0;
				PRODUCT_NAME = DailymotionSDK;
				PUBLIC_HEADERS_FOLDER_PATH = include/DailymotionSDK;
				SDKROOT = iphoneos;
				SKIP_INSTALL = YES;
				STRIP_STYLE = "non-global";
				USER_HEADER_SEARCH_PATHS = "“$(TARGET_NAME)”";
			};
			name = Release;
		};
		1DEB922308733DC00010E9CD /* Debug */ = {
			isa = XCBuildConfiguration;
			buildSettings = {
				ARCHS = "$(ARCHS_STANDARD_32_BIT)";
				GCC_C_LANGUAGE_STANDARD = c99;
				GCC_OPTIMIZATION_LEVEL = 0;
				GCC_WARN_64_TO_32_BIT_CONVERSION = YES;
				GCC_WARN_ABOUT_MISSING_FIELD_INITIALIZERS = YES;
				GCC_WARN_ABOUT_RETURN_TYPE = YES;
				GCC_WARN_CHECK_SWITCH_STATEMENTS = YES;
				GCC_WARN_INITIALIZER_NOT_FULLY_BRACKETED = YES;
				GCC_WARN_MISSING_PARENTHESES = YES;
				GCC_WARN_SHADOW = YES;
				GCC_WARN_SIGN_COMPARE = YES;
				GCC_WARN_UNDECLARED_SELECTOR = YES;
				GCC_WARN_UNUSED_FUNCTION = YES;
				GCC_WARN_UNUSED_LABEL = YES;
				GCC_WARN_UNUSED_VALUE = YES;
				GCC_WARN_UNUSED_VARIABLE = YES;
				IPHONEOS_DEPLOYMENT_TARGET = 5.0;
				OTHER_LDFLAGS = "-ObjC";
				PUBLIC_HEADERS_FOLDER_PATH = "include/$(TARGET_NAME)";
				RUN_CLANG_STATIC_ANALYZER = YES;
				SDKROOT = iphoneos;
				SKIP_INSTALL = YES;
			};
			name = Debug;
		};
		1DEB922408733DC00010E9CD /* Release */ = {
			isa = XCBuildConfiguration;
			buildSettings = {
				ARCHS = "$(ARCHS_STANDARD_32_BIT)";
				GCC_C_LANGUAGE_STANDARD = c99;
				GCC_WARN_64_TO_32_BIT_CONVERSION = YES;
				GCC_WARN_ABOUT_MISSING_FIELD_INITIALIZERS = YES;
				GCC_WARN_ABOUT_RETURN_TYPE = YES;
				GCC_WARN_CHECK_SWITCH_STATEMENTS = YES;
				GCC_WARN_INITIALIZER_NOT_FULLY_BRACKETED = YES;
				GCC_WARN_MISSING_PARENTHESES = YES;
				GCC_WARN_SHADOW = YES;
				GCC_WARN_SIGN_COMPARE = YES;
				GCC_WARN_UNDECLARED_SELECTOR = YES;
				GCC_WARN_UNUSED_FUNCTION = YES;
				GCC_WARN_UNUSED_LABEL = YES;
				GCC_WARN_UNUSED_VALUE = YES;
				GCC_WARN_UNUSED_VARIABLE = YES;
				IPHONEOS_DEPLOYMENT_TARGET = 5.0;
				OTHER_LDFLAGS = "-ObjC";
				PUBLIC_HEADERS_FOLDER_PATH = "include/$(TARGET_NAME)";
				RUN_CLANG_STATIC_ANALYZER = YES;
				SDKROOT = iphoneos;
				SKIP_INSTALL = YES;
			};
			name = Release;
		};
		539F91011631651900160719 /* Debug */ = {
			isa = XCBuildConfiguration;
			buildSettings = {
				PRODUCT_NAME = "$(TARGET_NAME)";
			};
			name = Debug;
		};
		539F91021631651900160719 /* Release */ = {
			isa = XCBuildConfiguration;
			buildSettings = {
				PRODUCT_NAME = "$(TARGET_NAME)";
			};
			name = Release;
		};
		53E273581265BD1D00B541BE /* Debug */ = {
			isa = XCBuildConfiguration;
			buildSettings = {
				ALWAYS_SEARCH_USER_PATHS = NO;
				CLANG_ENABLE_OBJC_ARC = YES;
				"CODE_SIGN_IDENTITY[sdk=iphoneos*]" = "";
				COPY_PHASE_STRIP = NO;
				FRAMEWORK_SEARCH_PATHS = (
					"\"$(SDKROOT)/Developer/Library/Frameworks\"",
					"\"$(DEVELOPER_LIBRARY_DIR)/Frameworks\"",
				);
				GCC_DYNAMIC_NO_PIC = NO;
				GCC_ENABLE_OBJC_EXCEPTIONS = YES;
				GCC_GENERATE_TEST_COVERAGE_FILES = NO;
				GCC_INSTRUMENT_PROGRAM_FLOW_ARCS = NO;
				GCC_OPTIMIZATION_LEVEL = 0;
				GCC_PREFIX_HEADER = iOS_Prefix.pch;
				GCC_VERSION = com.apple.compilers.llvm.clang.1_0;
				IPHONEOS_DEPLOYMENT_TARGET = 5.0;
				OTHER_CFLAGS = "";
				OTHER_LDFLAGS = (
					"-framework",
					Foundation,
					"-framework",
					SenTestingKit,
					"-framework",
					UIKit,
					"-ObjC",
					"-all_load",
				);
				PRODUCT_NAME = Tests;
				SDKROOT = iphoneos;
				WRAPPER_EXTENSION = octest;
			};
			name = Debug;
		};
		53E273591265BD1D00B541BE /* Release */ = {
			isa = XCBuildConfiguration;
			buildSettings = {
				ALWAYS_SEARCH_USER_PATHS = NO;
				CLANG_ENABLE_OBJC_ARC = YES;
				"CODE_SIGN_IDENTITY[sdk=iphoneos*]" = "";
				COPY_PHASE_STRIP = YES;
				DEBUG_INFORMATION_FORMAT = "dwarf-with-dsym";
				FRAMEWORK_SEARCH_PATHS = (
					"\"$(SDKROOT)/Developer/Library/Frameworks\"",
					"\"$(DEVELOPER_LIBRARY_DIR)/Frameworks\"",
				);
				GCC_ENABLE_OBJC_EXCEPTIONS = YES;
				GCC_GENERATE_TEST_COVERAGE_FILES = NO;
				GCC_INSTRUMENT_PROGRAM_FLOW_ARCS = NO;
				GCC_PREFIX_HEADER = iOS_Prefix.pch;
				GCC_VERSION = com.apple.compilers.llvm.clang.1_0;
				IPHONEOS_DEPLOYMENT_TARGET = 5.0;
				OTHER_CFLAGS = "";
				OTHER_LDFLAGS = (
					"-framework",
					Foundation,
					"-framework",
					SenTestingKit,
					"-framework",
					UIKit,
					"-ObjC",
					"-all_load",
				);
				PRODUCT_NAME = Tests;
				SDKROOT = iphoneos;
				WRAPPER_EXTENSION = octest;
				ZERO_LINK = NO;
			};
			name = Release;
		};
/* End XCBuildConfiguration section */

/* Begin XCConfigurationList section */
		1DEB921E08733DC00010E9CD /* Build configuration list for PBXNativeTarget "DailymotionSDK" */ = {
			isa = XCConfigurationList;
			buildConfigurations = (
				1DEB921F08733DC00010E9CD /* Debug */,
				1DEB922008733DC00010E9CD /* Release */,
			);
			defaultConfigurationIsVisible = 0;
			defaultConfigurationName = Release;
		};
		1DEB922208733DC00010E9CD /* Build configuration list for PBXProject "Dailymotion SDK" */ = {
			isa = XCConfigurationList;
			buildConfigurations = (
				1DEB922308733DC00010E9CD /* Debug */,
				1DEB922408733DC00010E9CD /* Release */,
			);
			defaultConfigurationIsVisible = 0;
			defaultConfigurationName = Release;
		};
		539F91001631651900160719 /* Build configuration list for PBXAggregateTarget "DailymotionFramework" */ = {
			isa = XCConfigurationList;
			buildConfigurations = (
				539F91011631651900160719 /* Debug */,
				539F91021631651900160719 /* Release */,
			);
			defaultConfigurationIsVisible = 0;
			defaultConfigurationName = Release;
		};
		53E2735A1265BD1D00B541BE /* Build configuration list for PBXNativeTarget "DailymotionTests" */ = {
			isa = XCConfigurationList;
			buildConfigurations = (
				53E273581265BD1D00B541BE /* Debug */,
				53E273591265BD1D00B541BE /* Release */,
			);
			defaultConfigurationIsVisible = 0;
			defaultConfigurationName = Release;
		};
/* End XCConfigurationList section */
	};
	rootObject = 0867D690FE84028FC02AAC07 /* Project object */;
}
