// !$*UTF8*$!
{
	archiveVersion = 1;
	classes = {
	};
	objectVersion = 46;
	objects = {

/* Begin PBXBuildFile section */
		530BCB5115C04CAA007C6917 /* ChannelSelectorViewController.m in Sources */ = {isa = PBXBuildFile; fileRef = 530BCB5015C04CAA007C6917 /* ChannelSelectorViewController.m */; };
		530BCB5415C04EB5007C6917 /* ChannelCell.m in Sources */ = {isa = PBXBuildFile; fileRef = 530BCB5315C04EB5007C6917 /* ChannelCell.m */; };
		530BCB7015C0631C007C6917 /* VideoInfo.m in Sources */ = {isa = PBXBuildFile; fileRef = 530BCB6F15C0631C007C6917 /* VideoInfo.m */; };
		530BCB7D15C2DA60007C6917 /* VideoUploadOperation.m in Sources */ = {isa = PBXBuildFile; fileRef = 530BCB7C15C2DA60007C6917 /* VideoUploadOperation.m */; };
		530BCB8015C2EEE7007C6917 /* VideoUploadingCell.m in Sources */ = {isa = PBXBuildFile; fileRef = 530BCB7F15C2EEE7007C6917 /* VideoUploadingCell.m */; };
		538DA6B215BACBFC007F2D22 /* UIKit.framework in Frameworks */ = {isa = PBXBuildFile; fileRef = 538DA6B115BACBFC007F2D22 /* UIKit.framework */; };
		538DA6B415BACBFC007F2D22 /* Foundation.framework in Frameworks */ = {isa = PBXBuildFile; fileRef = 538DA6B315BACBFC007F2D22 /* Foundation.framework */; };
		538DA6B615BACBFC007F2D22 /* CoreGraphics.framework in Frameworks */ = {isa = PBXBuildFile; fileRef = 538DA6B515BACBFC007F2D22 /* CoreGraphics.framework */; };
		538DA6BC15BACBFC007F2D22 /* InfoPlist.strings in Resources */ = {isa = PBXBuildFile; fileRef = 538DA6BA15BACBFC007F2D22 /* InfoPlist.strings */; };
		538DA6BE15BACBFC007F2D22 /* main.m in Sources */ = {isa = PBXBuildFile; fileRef = 538DA6BD15BACBFC007F2D22 /* main.m */; };
		538DA6C215BACBFD007F2D22 /* AppDelegate.m in Sources */ = {isa = PBXBuildFile; fileRef = 538DA6C115BACBFD007F2D22 /* AppDelegate.m */; };
		538DA6C515BACBFD007F2D22 /* MainStoryboard.storyboard in Resources */ = {isa = PBXBuildFile; fileRef = 538DA6C315BACBFD007F2D22 /* MainStoryboard.storyboard */; };
		538DA6CB15BACBFD007F2D22 /* MasterViewController.m in Sources */ = {isa = PBXBuildFile; fileRef = 538DA6CA15BACBFD007F2D22 /* MasterViewController.m */; };
		538DA6CE15BACBFD007F2D22 /* DetailViewController.m in Sources */ = {isa = PBXBuildFile; fileRef = 538DA6CD15BACBFD007F2D22 /* DetailViewController.m */; };
		538DA6EE15BACC74007F2D22 /* libDailymotionSDK.a in Frameworks */ = {isa = PBXBuildFile; fileRef = 538DA6E615BACC2C007F2D22 /* libDailymotionSDK.a */; };
		538DA6F015BACC86007F2D22 /* Security.framework in Frameworks */ = {isa = PBXBuildFile; fileRef = 538DA6EF15BACC86007F2D22 /* Security.framework */; };
		538DA6F215BACC8F007F2D22 /* SystemConfiguration.framework in Frameworks */ = {isa = PBXBuildFile; fileRef = 538DA6F115BACC8F007F2D22 /* SystemConfiguration.framework */; };
		53943EF215BEE71C00F42452 /* MobileCoreServices.framework in Frameworks */ = {isa = PBXBuildFile; fileRef = 53943EF115BEE71C00F42452 /* MobileCoreServices.framework */; };
		53943EF515BF00D900F42452 /* VideoPickerNavigationViewController.m in Sources */ = {isa = PBXBuildFile; fileRef = 53943EF415BF00D900F42452 /* VideoPickerNavigationViewController.m */; };
		53943EFB15BF106500F42452 /* VideoEditViewController.m in Sources */ = {isa = PBXBuildFile; fileRef = 53943EFA15BF106400F42452 /* VideoEditViewController.m */; };
/* End PBXBuildFile section */

/* Begin PBXContainerItemProxy section */
		538DA6E515BACC2C007F2D22 /* PBXContainerItemProxy */ = {
			isa = PBXContainerItemProxy;
			containerPortal = 538DA6DD15BACC2B007F2D22 /* Dailymotion SDK iOS.xcodeproj */;
			proxyType = 2;
			remoteGlobalIDString = D2AAC07E0554694100DB518D;
			remoteInfo = "Dailymotion SDK";
		};
		538DA6E715BACC2C007F2D22 /* PBXContainerItemProxy */ = {
			isa = PBXContainerItemProxy;
			containerPortal = 538DA6DD15BACC2B007F2D22 /* Dailymotion SDK iOS.xcodeproj */;
			proxyType = 2;
			remoteGlobalIDString = 53E273561265BD1C00B541BE;
			remoteInfo = DailymotionTests;
		};
		538DA6EC15BACC6B007F2D22 /* PBXContainerItemProxy */ = {
			isa = PBXContainerItemProxy;
			containerPortal = 538DA6DD15BACC2B007F2D22 /* Dailymotion SDK iOS.xcodeproj */;
			proxyType = 1;
			remoteGlobalIDString = D2AAC07D0554694100DB518D;
			remoteInfo = "Dailymotion SDK";
		};
/* End PBXContainerItemProxy section */

/* Begin PBXFileReference section */
		530BCB4F15C04CAA007C6917 /* ChannelSelectorViewController.h */ = {isa = PBXFileReference; fileEncoding = 4; lastKnownFileType = sourcecode.c.h; path = ChannelSelectorViewController.h; sourceTree = "<group>"; };
		530BCB5015C04CAA007C6917 /* ChannelSelectorViewController.m */ = {isa = PBXFileReference; fileEncoding = 4; lastKnownFileType = sourcecode.c.objc; path = ChannelSelectorViewController.m; sourceTree = "<group>"; };
		530BCB5215C04EB5007C6917 /* ChannelCell.h */ = {isa = PBXFileReference; fileEncoding = 4; lastKnownFileType = sourcecode.c.h; path = ChannelCell.h; sourceTree = "<group>"; };
		530BCB5315C04EB5007C6917 /* ChannelCell.m */ = {isa = PBXFileReference; fileEncoding = 4; lastKnownFileType = sourcecode.c.objc; path = ChannelCell.m; sourceTree = "<group>"; };
		530BCB6E15C0631C007C6917 /* VideoInfo.h */ = {isa = PBXFileReference; fileEncoding = 4; lastKnownFileType = sourcecode.c.h; path = VideoInfo.h; sourceTree = "<group>"; };
		530BCB6F15C0631C007C6917 /* VideoInfo.m */ = {isa = PBXFileReference; fileEncoding = 4; lastKnownFileType = sourcecode.c.objc; path = VideoInfo.m; sourceTree = "<group>"; };
		530BCB7B15C2DA60007C6917 /* VideoUploadOperation.h */ = {isa = PBXFileReference; fileEncoding = 4; lastKnownFileType = sourcecode.c.h; path = VideoUploadOperation.h; sourceTree = "<group>"; };
		530BCB7C15C2DA60007C6917 /* VideoUploadOperation.m */ = {isa = PBXFileReference; fileEncoding = 4; lastKnownFileType = sourcecode.c.objc; path = VideoUploadOperation.m; sourceTree = "<group>"; };
		530BCB7E15C2EEE7007C6917 /* VideoUploadingCell.h */ = {isa = PBXFileReference; fileEncoding = 4; lastKnownFileType = sourcecode.c.h; path = VideoUploadingCell.h; sourceTree = "<group>"; };
		530BCB7F15C2EEE7007C6917 /* VideoUploadingCell.m */ = {isa = PBXFileReference; fileEncoding = 4; lastKnownFileType = sourcecode.c.objc; path = VideoUploadingCell.m; sourceTree = "<group>"; };
		538DA6AD15BACBFC007F2D22 /* UploaderSample.app */ = {isa = PBXFileReference; explicitFileType = wrapper.application; includeInIndex = 0; path = UploaderSample.app; sourceTree = BUILT_PRODUCTS_DIR; };
		538DA6B115BACBFC007F2D22 /* UIKit.framework */ = {isa = PBXFileReference; lastKnownFileType = wrapper.framework; name = UIKit.framework; path = System/Library/Frameworks/UIKit.framework; sourceTree = SDKROOT; };
		538DA6B315BACBFC007F2D22 /* Foundation.framework */ = {isa = PBXFileReference; lastKnownFileType = wrapper.framework; name = Foundation.framework; path = System/Library/Frameworks/Foundation.framework; sourceTree = SDKROOT; };
		538DA6B515BACBFC007F2D22 /* CoreGraphics.framework */ = {isa = PBXFileReference; lastKnownFileType = wrapper.framework; name = CoreGraphics.framework; path = System/Library/Frameworks/CoreGraphics.framework; sourceTree = SDKROOT; };
		538DA6B915BACBFC007F2D22 /* UploaderSample-Info.plist */ = {isa = PBXFileReference; lastKnownFileType = text.plist.xml; path = "UploaderSample-Info.plist"; sourceTree = "<group>"; };
		538DA6BB15BACBFC007F2D22 /* en */ = {isa = PBXFileReference; lastKnownFileType = text.plist.strings; name = en; path = en.lproj/InfoPlist.strings; sourceTree = "<group>"; };
		538DA6BD15BACBFC007F2D22 /* main.m */ = {isa = PBXFileReference; lastKnownFileType = sourcecode.c.objc; path = main.m; sourceTree = "<group>"; };
		538DA6BF15BACBFD007F2D22 /* UploaderSample-Prefix.pch */ = {isa = PBXFileReference; lastKnownFileType = sourcecode.c.h; path = "UploaderSample-Prefix.pch"; sourceTree = "<group>"; };
		538DA6C015BACBFD007F2D22 /* AppDelegate.h */ = {isa = PBXFileReference; lastKnownFileType = sourcecode.c.h; path = AppDelegate.h; sourceTree = "<group>"; };
		538DA6C115BACBFD007F2D22 /* AppDelegate.m */ = {isa = PBXFileReference; lastKnownFileType = sourcecode.c.objc; path = AppDelegate.m; sourceTree = "<group>"; };
		538DA6C415BACBFD007F2D22 /* en */ = {isa = PBXFileReference; lastKnownFileType = file.storyboard; name = en; path = en.lproj/MainStoryboard.storyboard; sourceTree = "<group>"; };
		538DA6C915BACBFD007F2D22 /* MasterViewController.h */ = {isa = PBXFileReference; lastKnownFileType = sourcecode.c.h; path = MasterViewController.h; sourceTree = "<group>"; };
		538DA6CA15BACBFD007F2D22 /* MasterViewController.m */ = {isa = PBXFileReference; lastKnownFileType = sourcecode.c.objc; path = MasterViewController.m; sourceTree = "<group>"; };
		538DA6CC15BACBFD007F2D22 /* DetailViewController.h */ = {isa = PBXFileReference; lastKnownFileType = sourcecode.c.h; path = DetailViewController.h; sourceTree = "<group>"; };
		538DA6CD15BACBFD007F2D22 /* DetailViewController.m */ = {isa = PBXFileReference; lastKnownFileType = sourcecode.c.objc; path = DetailViewController.m; sourceTree = "<group>"; };
		538DA6DD15BACC2B007F2D22 /* Dailymotion SDK iOS.xcodeproj */ = {isa = PBXFileReference; lastKnownFileType = "wrapper.pb-project"; name = "Dailymotion SDK iOS.xcodeproj"; path = "../../Dailymotion SDK iOS.xcodeproj"; sourceTree = "<group>"; };
		538DA6EF15BACC86007F2D22 /* Security.framework */ = {isa = PBXFileReference; lastKnownFileType = wrapper.framework; name = Security.framework; path = System/Library/Frameworks/Security.framework; sourceTree = SDKROOT; };
		538DA6F115BACC8F007F2D22 /* SystemConfiguration.framework */ = {isa = PBXFileReference; lastKnownFileType = wrapper.framework; name = SystemConfiguration.framework; path = System/Library/Frameworks/SystemConfiguration.framework; sourceTree = SDKROOT; };
		53943EF115BEE71C00F42452 /* MobileCoreServices.framework */ = {isa = PBXFileReference; lastKnownFileType = wrapper.framework; name = MobileCoreServices.framework; path = System/Library/Frameworks/MobileCoreServices.framework; sourceTree = SDKROOT; };
		53943EF315BF00D900F42452 /* VideoPickerNavigationViewController.h */ = {isa = PBXFileReference; fileEncoding = 4; lastKnownFileType = sourcecode.c.h; path = VideoPickerNavigationViewController.h; sourceTree = "<group>"; };
		53943EF415BF00D900F42452 /* VideoPickerNavigationViewController.m */ = {isa = PBXFileReference; fileEncoding = 4; lastKnownFileType = sourcecode.c.objc; path = VideoPickerNavigationViewController.m; sourceTree = "<group>"; };
		53943EF915BF106400F42452 /* VideoEditViewController.h */ = {isa = PBXFileReference; fileEncoding = 4; lastKnownFileType = sourcecode.c.h; path = VideoEditViewController.h; sourceTree = "<group>"; };
		53943EFA15BF106400F42452 /* VideoEditViewController.m */ = {isa = PBXFileReference; fileEncoding = 4; lastKnownFileType = sourcecode.c.objc; path = VideoEditViewController.m; sourceTree = "<group>"; };
/* End PBXFileReference section */

/* Begin PBXFrameworksBuildPhase section */
		538DA6AA15BACBFC007F2D22 /* Frameworks */ = {
			isa = PBXFrameworksBuildPhase;
			buildActionMask = 2147483647;
			files = (
				53943EF215BEE71C00F42452 /* MobileCoreServices.framework in Frameworks */,
				538DA6F215BACC8F007F2D22 /* SystemConfiguration.framework in Frameworks */,
				538DA6F015BACC86007F2D22 /* Security.framework in Frameworks */,
				538DA6EE15BACC74007F2D22 /* libDailymotionSDK.a in Frameworks */,
				538DA6B215BACBFC007F2D22 /* UIKit.framework in Frameworks */,
				538DA6B415BACBFC007F2D22 /* Foundation.framework in Frameworks */,
				538DA6B615BACBFC007F2D22 /* CoreGraphics.framework in Frameworks */,
			);
			runOnlyForDeploymentPostprocessing = 0;
		};
/* End PBXFrameworksBuildPhase section */

/* Begin PBXGroup section */
		538DA6A215BACBFC007F2D22 = {
			isa = PBXGroup;
			children = (
				538DA6B715BACBFC007F2D22 /* UploaderSample */,
				538DA6B015BACBFC007F2D22 /* Frameworks */,
				538DA6AE15BACBFC007F2D22 /* Products */,
			);
			sourceTree = "<group>";
		};
		538DA6AE15BACBFC007F2D22 /* Products */ = {
			isa = PBXGroup;
			children = (
				538DA6AD15BACBFC007F2D22 /* UploaderSample.app */,
			);
			name = Products;
			sourceTree = "<group>";
		};
		538DA6B015BACBFC007F2D22 /* Frameworks */ = {
			isa = PBXGroup;
			children = (
				53943EF115BEE71C00F42452 /* MobileCoreServices.framework */,
				538DA6DD15BACC2B007F2D22 /* Dailymotion SDK iOS.xcodeproj */,
				538DA6F115BACC8F007F2D22 /* SystemConfiguration.framework */,
				538DA6EF15BACC86007F2D22 /* Security.framework */,
				538DA6B115BACBFC007F2D22 /* UIKit.framework */,
				538DA6B315BACBFC007F2D22 /* Foundation.framework */,
				538DA6B515BACBFC007F2D22 /* CoreGraphics.framework */,
			);
			name = Frameworks;
			sourceTree = "<group>";
		};
		538DA6B715BACBFC007F2D22 /* UploaderSample */ = {
			isa = PBXGroup;
			children = (
				538DA6C015BACBFD007F2D22 /* AppDelegate.h */,
				538DA6C115BACBFD007F2D22 /* AppDelegate.m */,
				538DA6C315BACBFD007F2D22 /* MainStoryboard.storyboard */,
				538DA6C915BACBFD007F2D22 /* MasterViewController.h */,
				538DA6CA15BACBFD007F2D22 /* MasterViewController.m */,
				530BCB7B15C2DA60007C6917 /* VideoUploadOperation.h */,
				530BCB7C15C2DA60007C6917 /* VideoUploadOperation.m */,
				530BCB7E15C2EEE7007C6917 /* VideoUploadingCell.h */,
				530BCB7F15C2EEE7007C6917 /* VideoUploadingCell.m */,
				53943EF315BF00D900F42452 /* VideoPickerNavigationViewController.h */,
				53943EF415BF00D900F42452 /* VideoPickerNavigationViewController.m */,
				530BCB6E15C0631C007C6917 /* VideoInfo.h */,
				530BCB6F15C0631C007C6917 /* VideoInfo.m */,
				53943EF915BF106400F42452 /* VideoEditViewController.h */,
				53943EFA15BF106400F42452 /* VideoEditViewController.m */,
				530BCB4F15C04CAA007C6917 /* ChannelSelectorViewController.h */,
				530BCB5015C04CAA007C6917 /* ChannelSelectorViewController.m */,
				530BCB5215C04EB5007C6917 /* ChannelCell.h */,
				530BCB5315C04EB5007C6917 /* ChannelCell.m */,
				538DA6CC15BACBFD007F2D22 /* DetailViewController.h */,
				538DA6CD15BACBFD007F2D22 /* DetailViewController.m */,
				538DA6B815BACBFC007F2D22 /* Supporting Files */,
			);
			path = UploaderSample;
			sourceTree = "<group>";
		};
		538DA6B815BACBFC007F2D22 /* Supporting Files */ = {
			isa = PBXGroup;
			children = (
				538DA6B915BACBFC007F2D22 /* UploaderSample-Info.plist */,
				538DA6BA15BACBFC007F2D22 /* InfoPlist.strings */,
				538DA6BD15BACBFC007F2D22 /* main.m */,
				538DA6BF15BACBFD007F2D22 /* UploaderSample-Prefix.pch */,
			);
			name = "Supporting Files";
			sourceTree = "<group>";
		};
		538DA6DE15BACC2B007F2D22 /* Products */ = {
			isa = PBXGroup;
			children = (
				538DA6E615BACC2C007F2D22 /* libDailymotionSDK.a */,
				538DA6E815BACC2C007F2D22 /* Tests.octest */,
			);
			name = Products;
			sourceTree = "<group>";
		};
/* End PBXGroup section */

/* Begin PBXNativeTarget section */
		538DA6AC15BACBFC007F2D22 /* UploaderSample */ = {
			isa = PBXNativeTarget;
			buildConfigurationList = 538DA6D115BACBFD007F2D22 /* Build configuration list for PBXNativeTarget "UploaderSample" */;
			buildPhases = (
				538DA6A915BACBFC007F2D22 /* Sources */,
				538DA6AA15BACBFC007F2D22 /* Frameworks */,
				538DA6AB15BACBFC007F2D22 /* Resources */,
			);
			buildRules = (
			);
			dependencies = (
				538DA6ED15BACC6B007F2D22 /* PBXTargetDependency */,
			);
			name = UploaderSample;
			productName = UploaderSample;
			productReference = 538DA6AD15BACBFC007F2D22 /* UploaderSample.app */;
			productType = "com.apple.product-type.application";
		};
/* End PBXNativeTarget section */

/* Begin PBXProject section */
		538DA6A415BACBFC007F2D22 /* Project object */ = {
			isa = PBXProject;
			attributes = {
				LastUpgradeCheck = 0440;
				ORGANIZATIONNAME = Dailymotion;
			};
			buildConfigurationList = 538DA6A715BACBFC007F2D22 /* Build configuration list for PBXProject "UploaderSample" */;
			compatibilityVersion = "Xcode 3.2";
			developmentRegion = English;
			hasScannedForEncodings = 0;
			knownRegions = (
				en,
			);
			mainGroup = 538DA6A215BACBFC007F2D22;
			productRefGroup = 538DA6AE15BACBFC007F2D22 /* Products */;
			projectDirPath = "";
			projectReferences = (
				{
					ProductGroup = 538DA6DE15BACC2B007F2D22 /* Products */;
					ProjectRef = 538DA6DD15BACC2B007F2D22 /* Dailymotion SDK iOS.xcodeproj */;
				},
			);
			projectRoot = "";
			targets = (
				538DA6AC15BACBFC007F2D22 /* UploaderSample */,
			);
		};
/* End PBXProject section */

/* Begin PBXReferenceProxy section */
		538DA6E615BACC2C007F2D22 /* libDailymotionSDK.a */ = {
			isa = PBXReferenceProxy;
			fileType = archive.ar;
			path = libDailymotionSDK.a;
			remoteRef = 538DA6E515BACC2C007F2D22 /* PBXContainerItemProxy */;
			sourceTree = BUILT_PRODUCTS_DIR;
		};
		538DA6E815BACC2C007F2D22 /* Tests.octest */ = {
			isa = PBXReferenceProxy;
			fileType = wrapper.cfbundle;
			path = Tests.octest;
			remoteRef = 538DA6E715BACC2C007F2D22 /* PBXContainerItemProxy */;
			sourceTree = BUILT_PRODUCTS_DIR;
		};
/* End PBXReferenceProxy section */

/* Begin PBXResourcesBuildPhase section */
		538DA6AB15BACBFC007F2D22 /* Resources */ = {
			isa = PBXResourcesBuildPhase;
			buildActionMask = 2147483647;
			files = (
				538DA6BC15BACBFC007F2D22 /* InfoPlist.strings in Resources */,
				538DA6C515BACBFD007F2D22 /* MainStoryboard.storyboard in Resources */,
			);
			runOnlyForDeploymentPostprocessing = 0;
		};
/* End PBXResourcesBuildPhase section */

/* Begin PBXSourcesBuildPhase section */
		538DA6A915BACBFC007F2D22 /* Sources */ = {
			isa = PBXSourcesBuildPhase;
			buildActionMask = 2147483647;
			files = (
				538DA6BE15BACBFC007F2D22 /* main.m in Sources */,
				538DA6C215BACBFD007F2D22 /* AppDelegate.m in Sources */,
				538DA6CB15BACBFD007F2D22 /* MasterViewController.m in Sources */,
				538DA6CE15BACBFD007F2D22 /* DetailViewController.m in Sources */,
				53943EF515BF00D900F42452 /* VideoPickerNavigationViewController.m in Sources */,
				53943EFB15BF106500F42452 /* VideoEditViewController.m in Sources */,
				530BCB5115C04CAA007C6917 /* ChannelSelectorViewController.m in Sources */,
				530BCB5415C04EB5007C6917 /* ChannelCell.m in Sources */,
				530BCB7015C0631C007C6917 /* VideoInfo.m in Sources */,
				530BCB7D15C2DA60007C6917 /* VideoUploadOperation.m in Sources */,
				530BCB8015C2EEE7007C6917 /* VideoUploadingCell.m in Sources */,
			);
			runOnlyForDeploymentPostprocessing = 0;
		};
/* End PBXSourcesBuildPhase section */

/* Begin PBXTargetDependency section */
		538DA6ED15BACC6B007F2D22 /* PBXTargetDependency */ = {
			isa = PBXTargetDependency;
			name = "Dailymotion SDK";
			targetProxy = 538DA6EC15BACC6B007F2D22 /* PBXContainerItemProxy */;
		};
/* End PBXTargetDependency section */

/* Begin PBXVariantGroup section */
		538DA6BA15BACBFC007F2D22 /* InfoPlist.strings */ = {
			isa = PBXVariantGroup;
			children = (
				538DA6BB15BACBFC007F2D22 /* en */,
			);
			name = InfoPlist.strings;
			sourceTree = "<group>";
		};
		538DA6C315BACBFD007F2D22 /* MainStoryboard.storyboard */ = {
			isa = PBXVariantGroup;
			children = (
				538DA6C415BACBFD007F2D22 /* en */,
			);
			name = MainStoryboard.storyboard;
			sourceTree = "<group>";
		};
/* End PBXVariantGroup section */

/* Begin XCBuildConfiguration section */
		538DA6CF15BACBFD007F2D22 /* Debug */ = {
			isa = XCBuildConfiguration;
			buildSettings = {
				ALWAYS_SEARCH_USER_PATHS = NO;
				ARCHS = "$(ARCHS_STANDARD_32_BIT)";
				CLANG_CXX_LANGUAGE_STANDARD = "gnu++0x";
				CLANG_ENABLE_OBJC_ARC = YES;
				CLANG_WARN__DUPLICATE_METHOD_MATCH = YES;
				"CODE_SIGN_IDENTITY[sdk=iphoneos*]" = "iPhone Developer";
				COPY_PHASE_STRIP = NO;
				GCC_C_LANGUAGE_STANDARD = gnu99;
				GCC_DYNAMIC_NO_PIC = NO;
				GCC_OPTIMIZATION_LEVEL = 0;
				GCC_PREPROCESSOR_DEFINITIONS = (
					"DEBUG=1",
					"$(inherited)",
				);
				GCC_SYMBOLS_PRIVATE_EXTERN = NO;
				GCC_VERSION = com.apple.compilers.llvm.clang.1_0;
				GCC_WARN_ABOUT_RETURN_TYPE = YES;
				GCC_WARN_UNINITIALIZED_AUTOS = YES;
				GCC_WARN_UNUSED_VARIABLE = YES;
				HEADER_SEARCH_PATHS = (
					"\"$(OBJROOT)/UninstalledProducts/include\"",
					"\"$(TARGET_BUILD_DIR)/usr/local/lib/include\"",
				);
				IPHONEOS_DEPLOYMENT_TARGET = 5.1;
				OTHER_LDFLAGS = (
					"-ObjC",
					"-all_load",
				);
				SDKROOT = iphoneos;
				TARGETED_DEVICE_FAMILY = "1,2";
			};
			name = Debug;
		};
		538DA6D015BACBFD007F2D22 /* Release */ = {
			isa = XCBuildConfiguration;
			buildSettings = {
				ALWAYS_SEARCH_USER_PATHS = NO;
				ARCHS = "$(ARCHS_STANDARD_32_BIT)";
				CLANG_CXX_LANGUAGE_STANDARD = "gnu++0x";
				CLANG_ENABLE_OBJC_ARC = YES;
				CLANG_WARN__DUPLICATE_METHOD_MATCH = YES;
				"CODE_SIGN_IDENTITY[sdk=iphoneos*]" = "iPhone Developer";
				COPY_PHASE_STRIP = YES;
				GCC_C_LANGUAGE_STANDARD = gnu99;
				GCC_VERSION = com.apple.compilers.llvm.clang.1_0;
				GCC_WARN_ABOUT_RETURN_TYPE = YES;
				GCC_WARN_UNINITIALIZED_AUTOS = YES;
				GCC_WARN_UNUSED_VARIABLE = YES;
				HEADER_SEARCH_PATHS = (
					"\"$(OBJROOT)/UninstalledProducts/include\"",
					"\"$(TARGET_BUILD_DIR)/usr/local/lib/include\"",
				);
				IPHONEOS_DEPLOYMENT_TARGET = 5.1;
				OTHER_CFLAGS = "-DNS_BLOCK_ASSERTIONS=1";
				OTHER_LDFLAGS = (
					"-ObjC",
					"-all_load",
				);
				SDKROOT = iphoneos;
				TARGETED_DEVICE_FAMILY = "1,2";
				VALIDATE_PRODUCT = YES;
			};
			name = Release;
		};
		538DA6D215BACBFD007F2D22 /* Debug */ = {
			isa = XCBuildConfiguration;
			buildSettings = {
				GCC_PRECOMPILE_PREFIX_HEADER = YES;
				GCC_PREFIX_HEADER = "UploaderSample/UploaderSample-Prefix.pch";
				INFOPLIST_FILE = "UploaderSample/UploaderSample-Info.plist";
				PRODUCT_NAME = "$(TARGET_NAME)";
				TARGETED_DEVICE_FAMILY = 1;
				WRAPPER_EXTENSION = app;
			};
			name = Debug;
		};
		538DA6D315BACBFD007F2D22 /* Release */ = {
			isa = XCBuildConfiguration;
			buildSettings = {
				GCC_PRECOMPILE_PREFIX_HEADER = YES;
				GCC_PREFIX_HEADER = "UploaderSample/UploaderSample-Prefix.pch";
				INFOPLIST_FILE = "UploaderSample/UploaderSample-Info.plist";
				PRODUCT_NAME = "$(TARGET_NAME)";
				TARGETED_DEVICE_FAMILY = 1;
				WRAPPER_EXTENSION = app;
			};
			name = Release;
		};
/* End XCBuildConfiguration section */

/* Begin XCConfigurationList section */
		538DA6A715BACBFC007F2D22 /* Build configuration list for PBXProject "UploaderSample" */ = {
			isa = XCConfigurationList;
			buildConfigurations = (
				538DA6CF15BACBFD007F2D22 /* Debug */,
				538DA6D015BACBFD007F2D22 /* Release */,
			);
			defaultConfigurationIsVisible = 0;
			defaultConfigurationName = Release;
		};
		538DA6D115BACBFD007F2D22 /* Build configuration list for PBXNativeTarget "UploaderSample" */ = {
			isa = XCConfigurationList;
			buildConfigurations = (
				538DA6D215BACBFD007F2D22 /* Debug */,
				538DA6D315BACBFD007F2D22 /* Release */,
			);
			defaultConfigurationIsVisible = 0;
			defaultConfigurationName = Release;
		};
/* End XCConfigurationList section */
	};
	rootObject = 538DA6A415BACBFC007F2D22 /* Project object */;
}
