// !$*UTF8*$!
{
	archiveVersion = 1;
	classes = {
	};
	objectVersion = 45;
	objects = {

/* Begin PBXBuildFile section */
		531F0EF1126880830089FAE5 /* DMBoundableInputStream.h in Headers */ = {isa = PBXBuildFile; fileRef = 531F0EEF126880830089FAE5 /* DMBoundableInputStream.h */; };
		531F0EF2126880830089FAE5 /* DMBoundableInputStream.m in Sources */ = {isa = PBXBuildFile; fileRef = 531F0EF0126880830089FAE5 /* DMBoundableInputStream.m */; };
		53E270FD126369C100B541BE /* Dailymotion.h in Headers */ = {isa = PBXBuildFile; fileRef = 53E270FB126369C100B541BE /* Dailymotion.h */; };
		53E270FE126369C100B541BE /* Dailymotion.m in Sources */ = {isa = PBXBuildFile; fileRef = 53E270FC126369C100B541BE /* Dailymotion.m */; };
		53E271BD1263F56A00B541BE /* SBJsonBase.h in Headers */ = {isa = PBXBuildFile; fileRef = 53E271B01263F56A00B541BE /* SBJsonBase.h */; };
		53E271BE1263F56A00B541BE /* SBJsonBase.m in Sources */ = {isa = PBXBuildFile; fileRef = 53E271B11263F56A00B541BE /* SBJsonBase.m */; };
		53E271BF1263F56A00B541BE /* SBJsonParser.h in Headers */ = {isa = PBXBuildFile; fileRef = 53E271B21263F56A00B541BE /* SBJsonParser.h */; };
		53E271C01263F56A00B541BE /* SBJsonParser.m in Sources */ = {isa = PBXBuildFile; fileRef = 53E271B31263F56A00B541BE /* SBJsonParser.m */; };
		53E271C11263F56A00B541BE /* SBJsonWriter.h in Headers */ = {isa = PBXBuildFile; fileRef = 53E271B41263F56A00B541BE /* SBJsonWriter.h */; };
		53E271C21263F56A00B541BE /* SBJsonWriter.m in Sources */ = {isa = PBXBuildFile; fileRef = 53E271B51263F56A00B541BE /* SBJsonWriter.m */; };
		53E273C91265C23E00B541BE /* DailymotionTest.m in Sources */ = {isa = PBXBuildFile; fileRef = 53E273C81265C23E00B541BE /* DailymotionTest.m */; };
		53E274201266302900B541BE /* libDailymotion.a in Frameworks */ = {isa = PBXBuildFile; fileRef = D2AAC07E0554694100DB518D /* libDailymotion.a */; };
		AA747D9F0F9514B9006C5449 /* iOS_Prefix.pch in Headers */ = {isa = PBXBuildFile; fileRef = AA747D9E0F9514B9006C5449 /* iOS_Prefix.pch */; };
		AACBBE4A0F95108600F1A2B1 /* Foundation.framework in Frameworks */ = {isa = PBXBuildFile; fileRef = AACBBE490F95108600F1A2B1 /* Foundation.framework */; };
/* End PBXBuildFile section */

/* Begin PBXContainerItemProxy section */
		53E2735B1265BD4300B541BE /* PBXContainerItemProxy */ = {
			isa = PBXContainerItemProxy;
			containerPortal = 0867D690FE84028FC02AAC07 /* Project object */;
			proxyType = 1;
			remoteGlobalIDString = D2AAC07D0554694100DB518D;
			remoteInfo = Dailymotion;
		};
/* End PBXContainerItemProxy section */

/* Begin PBXFileReference section */
		531F0EEF126880830089FAE5 /* DMBoundableInputStream.h */ = {isa = PBXFileReference; fileEncoding = 4; lastKnownFileType = sourcecode.c.h; path = DMBoundableInputStream.h; sourceTree = "<group>"; };
		531F0EF0126880830089FAE5 /* DMBoundableInputStream.m */ = {isa = PBXFileReference; fileEncoding = 4; lastKnownFileType = sourcecode.c.objc; path = DMBoundableInputStream.m; sourceTree = "<group>"; };
		533B5E5E1267483D00D3A924 /* DailymotionTestConfig.h */ = {isa = PBXFileReference; fileEncoding = 4; lastKnownFileType = sourcecode.c.h; path = DailymotionTestConfig.h; sourceTree = "<group>"; };
		53E270FB126369C100B541BE /* Dailymotion.h */ = {isa = PBXFileReference; fileEncoding = 4; lastKnownFileType = sourcecode.c.h; path = Dailymotion.h; sourceTree = "<group>"; };
		53E270FC126369C100B541BE /* Dailymotion.m */ = {isa = PBXFileReference; fileEncoding = 4; lastKnownFileType = sourcecode.c.objc; path = Dailymotion.m; sourceTree = "<group>"; };
		53E271B01263F56A00B541BE /* SBJsonBase.h */ = {isa = PBXFileReference; fileEncoding = 4; lastKnownFileType = sourcecode.c.h; path = SBJsonBase.h; sourceTree = "<group>"; };
		53E271B11263F56A00B541BE /* SBJsonBase.m */ = {isa = PBXFileReference; fileEncoding = 4; lastKnownFileType = sourcecode.c.objc; path = SBJsonBase.m; sourceTree = "<group>"; };
		53E271B21263F56A00B541BE /* SBJsonParser.h */ = {isa = PBXFileReference; fileEncoding = 4; lastKnownFileType = sourcecode.c.h; path = SBJsonParser.h; sourceTree = "<group>"; };
		53E271B31263F56A00B541BE /* SBJsonParser.m */ = {isa = PBXFileReference; fileEncoding = 4; lastKnownFileType = sourcecode.c.objc; path = SBJsonParser.m; sourceTree = "<group>"; };
		53E271B41263F56A00B541BE /* SBJsonWriter.h */ = {isa = PBXFileReference; fileEncoding = 4; lastKnownFileType = sourcecode.c.h; path = SBJsonWriter.h; sourceTree = "<group>"; };
		53E271B51263F56A00B541BE /* SBJsonWriter.m */ = {isa = PBXFileReference; fileEncoding = 4; lastKnownFileType = sourcecode.c.objc; path = SBJsonWriter.m; sourceTree = "<group>"; };
		53E273561265BD1C00B541BE /* Tests.octest */ = {isa = PBXFileReference; explicitFileType = wrapper.cfbundle; includeInIndex = 0; path = Tests.octest; sourceTree = BUILT_PRODUCTS_DIR; };
		53E273C71265C23E00B541BE /* DailymotionTest.h */ = {isa = PBXFileReference; fileEncoding = 4; lastKnownFileType = sourcecode.c.h; path = DailymotionTest.h; sourceTree = "<group>"; };
		53E273C81265C23E00B541BE /* DailymotionTest.m */ = {isa = PBXFileReference; fileEncoding = 4; lastKnownFileType = sourcecode.c.objc; path = DailymotionTest.m; sourceTree = "<group>"; };
		AA747D9E0F9514B9006C5449 /* iOS_Prefix.pch */ = {isa = PBXFileReference; fileEncoding = 4; lastKnownFileType = sourcecode.c.h; path = iOS_Prefix.pch; sourceTree = "<group>"; };
		AACBBE490F95108600F1A2B1 /* Foundation.framework */ = {isa = PBXFileReference; lastKnownFileType = wrapper.framework; name = Foundation.framework; path = System/Library/Frameworks/Foundation.framework; sourceTree = SDKROOT; };
		D2AAC07E0554694100DB518D /* libDailymotion.a */ = {isa = PBXFileReference; explicitFileType = archive.ar; includeInIndex = 0; path = libDailymotion.a; sourceTree = BUILT_PRODUCTS_DIR; };
/* End PBXFileReference section */

/* Begin PBXFrameworksBuildPhase section */
		53E273531265BD1C00B541BE /* Frameworks */ = {
			isa = PBXFrameworksBuildPhase;
			buildActionMask = 2147483647;
			files = (
				53E274201266302900B541BE /* libDailymotion.a in Frameworks */,
			);
			runOnlyForDeploymentPostprocessing = 0;
		};
		D2AAC07C0554694100DB518D /* Frameworks */ = {
			isa = PBXFrameworksBuildPhase;
			buildActionMask = 2147483647;
			files = (
				AACBBE4A0F95108600F1A2B1 /* Foundation.framework in Frameworks */,
			);
			runOnlyForDeploymentPostprocessing = 0;
		};
/* End PBXFrameworksBuildPhase section */

/* Begin PBXGroup section */
		034768DFFF38A50411DB9C8B /* Products */ = {
			isa = PBXGroup;
			children = (
				D2AAC07E0554694100DB518D /* libDailymotion.a */,
				53E273561265BD1C00B541BE /* Tests.octest */,
			);
			name = Products;
			sourceTree = "<group>";
		};
		0867D691FE84028FC02AAC07 /* dailymotion-sdk-objc */ = {
			isa = PBXGroup;
			children = (
				08FB77AEFE84172EC02AAC07 /* Dailymotion */,
				53E273741265BD9700B541BE /* Tests */,
				32C88DFF0371C24200C91783 /* Other Sources */,
				0867D69AFE84028FC02AAC07 /* Frameworks */,
				034768DFFF38A50411DB9C8B /* Products */,
			);
			name = "dailymotion-sdk-objc";
			sourceTree = "<group>";
		};
		0867D69AFE84028FC02AAC07 /* Frameworks */ = {
			isa = PBXGroup;
			children = (
				AACBBE490F95108600F1A2B1 /* Foundation.framework */,
			);
			name = Frameworks;
			sourceTree = "<group>";
		};
		08FB77AEFE84172EC02AAC07 /* Dailymotion */ = {
			isa = PBXGroup;
			children = (
				53E270FB126369C100B541BE /* Dailymotion.h */,
				53E270FC126369C100B541BE /* Dailymotion.m */,
				531F0EEF126880830089FAE5 /* DMBoundableInputStream.h */,
				531F0EF0126880830089FAE5 /* DMBoundableInputStream.m */,
				53E271A81263F56A00B541BE /* JSON */,
			);
			name = Dailymotion;
			sourceTree = "<group>";
		};
		32C88DFF0371C24200C91783 /* Other Sources */ = {
			isa = PBXGroup;
			children = (
				AA747D9E0F9514B9006C5449 /* iOS_Prefix.pch */,
			);
			name = "Other Sources";
			sourceTree = "<group>";
		};
		53E271A81263F56A00B541BE /* JSON */ = {
			isa = PBXGroup;
			children = (
				53E271B01263F56A00B541BE /* SBJsonBase.h */,
				53E271B11263F56A00B541BE /* SBJsonBase.m */,
				53E271B21263F56A00B541BE /* SBJsonParser.h */,
				53E271B31263F56A00B541BE /* SBJsonParser.m */,
				53E271B41263F56A00B541BE /* SBJsonWriter.h */,
				53E271B51263F56A00B541BE /* SBJsonWriter.m */,
			);
			path = JSON;
			sourceTree = "<group>";
		};
		53E273741265BD9700B541BE /* Tests */ = {
			isa = PBXGroup;
			children = (
				533B5E5E1267483D00D3A924 /* DailymotionTestConfig.h */,
				53E273C71265C23E00B541BE /* DailymotionTest.h */,
				53E273C81265C23E00B541BE /* DailymotionTest.m */,
			);
			name = Tests;
			sourceTree = "<group>";
		};
/* End PBXGroup section */

/* Begin PBXHeadersBuildPhase section */
		D2AAC07A0554694100DB518D /* Headers */ = {
			isa = PBXHeadersBuildPhase;
			buildActionMask = 2147483647;
			files = (
				AA747D9F0F9514B9006C5449 /* iOS_Prefix.pch in Headers */,
				53E270FD126369C100B541BE /* Dailymotion.h in Headers */,
				53E271BD1263F56A00B541BE /* SBJsonBase.h in Headers */,
				53E271BF1263F56A00B541BE /* SBJsonParser.h in Headers */,
				53E271C11263F56A00B541BE /* SBJsonWriter.h in Headers */,
				531F0EF1126880830089FAE5 /* DMBoundableInputStream.h in Headers */,
			);
			runOnlyForDeploymentPostprocessing = 0;
		};
/* End PBXHeadersBuildPhase section */

/* Begin PBXNativeTarget section */
		53E273551265BD1C00B541BE /* DailymotionTests */ = {
			isa = PBXNativeTarget;
			buildConfigurationList = 53E2735A1265BD1D00B541BE /* Build configuration list for PBXNativeTarget "DailymotionTests" */;
			buildPhases = (
				53E273511265BD1C00B541BE /* Resources */,
				53E273521265BD1C00B541BE /* Sources */,
				53E273531265BD1C00B541BE /* Frameworks */,
				53E273541265BD1C00B541BE /* ShellScript */,
			);
			buildRules = (
			);
			dependencies = (
				53E2735C1265BD4300B541BE /* PBXTargetDependency */,
			);
			name = DailymotionTests;
			productName = Tests;
			productReference = 53E273561265BD1C00B541BE /* Tests.octest */;
			productType = "com.apple.product-type.bundle";
		};
		D2AAC07D0554694100DB518D /* Dailymotion */ = {
			isa = PBXNativeTarget;
			buildConfigurationList = 1DEB921E08733DC00010E9CD /* Build configuration list for PBXNativeTarget "Dailymotion" */;
			buildPhases = (
				D2AAC07A0554694100DB518D /* Headers */,
				D2AAC07B0554694100DB518D /* Sources */,
				D2AAC07C0554694100DB518D /* Frameworks */,
			);
			buildRules = (
			);
			dependencies = (
			);
			name = Dailymotion;
			productName = "dailymotion-sdk-objc";
			productReference = D2AAC07E0554694100DB518D /* libDailymotion.a */;
			productType = "com.apple.product-type.library.static";
		};
/* End PBXNativeTarget section */

/* Begin PBXProject section */
		0867D690FE84028FC02AAC07 /* Project object */ = {
			isa = PBXProject;
			buildConfigurationList = 1DEB922208733DC00010E9CD /* Build configuration list for PBXProject "iOS" */;
			compatibilityVersion = "Xcode 3.1";
			developmentRegion = English;
			hasScannedForEncodings = 1;
			knownRegions = (
				English,
				Japanese,
				French,
				German,
			);
			mainGroup = 0867D691FE84028FC02AAC07 /* dailymotion-sdk-objc */;
			productRefGroup = 034768DFFF38A50411DB9C8B /* Products */;
			projectDirPath = "";
			projectRoot = "";
			targets = (
				D2AAC07D0554694100DB518D /* Dailymotion */,
				53E273551265BD1C00B541BE /* DailymotionTests */,
			);
		};
/* End PBXProject section */

/* Begin PBXResourcesBuildPhase section */
		53E273511265BD1C00B541BE /* Resources */ = {
			isa = PBXResourcesBuildPhase;
			buildActionMask = 2147483647;
			files = (
			);
			runOnlyForDeploymentPostprocessing = 0;
		};
/* End PBXResourcesBuildPhase section */

/* Begin PBXShellScriptBuildPhase section */
		53E273541265BD1C00B541BE /* ShellScript */ = {
			isa = PBXShellScriptBuildPhase;
			buildActionMask = 2147483647;
			files = (
			);
			inputPaths = (
			);
			outputPaths = (
			);
			runOnlyForDeploymentPostprocessing = 0;
			shellPath = /bin/sh;
			shellScript = "# Run the unit tests in this test bundle.\n\"${SYSTEM_DEVELOPER_DIR}/Tools/RunUnitTests\" 1> /tmp/RunUnitTests.out \n";
		};
/* End PBXShellScriptBuildPhase section */

/* Begin PBXSourcesBuildPhase section */
		53E273521265BD1C00B541BE /* Sources */ = {
			isa = PBXSourcesBuildPhase;
			buildActionMask = 2147483647;
			files = (
				53E273C91265C23E00B541BE /* DailymotionTest.m in Sources */,
			);
			runOnlyForDeploymentPostprocessing = 0;
		};
		D2AAC07B0554694100DB518D /* Sources */ = {
			isa = PBXSourcesBuildPhase;
			buildActionMask = 2147483647;
			files = (
				53E270FE126369C100B541BE /* Dailymotion.m in Sources */,
				53E271BE1263F56A00B541BE /* SBJsonBase.m in Sources */,
				53E271C01263F56A00B541BE /* SBJsonParser.m in Sources */,
				53E271C21263F56A00B541BE /* SBJsonWriter.m in Sources */,
				531F0EF2126880830089FAE5 /* DMBoundableInputStream.m in Sources */,
			);
			runOnlyForDeploymentPostprocessing = 0;
		};
/* End PBXSourcesBuildPhase section */

/* Begin PBXTargetDependency section */
		53E2735C1265BD4300B541BE /* PBXTargetDependency */ = {
			isa = PBXTargetDependency;
			target = D2AAC07D0554694100DB518D /* Dailymotion */;
			targetProxy = 53E2735B1265BD4300B541BE /* PBXContainerItemProxy */;
		};
/* End PBXTargetDependency section */

/* Begin XCBuildConfiguration section */
		1DEB921F08733DC00010E9CD /* Debug */ = {
			isa = XCBuildConfiguration;
			buildSettings = {
				ALWAYS_SEARCH_USER_PATHS = NO;
				ARCHS = "$(ARCHS_STANDARD_32_BIT)";
				COPY_PHASE_STRIP = NO;
				DSTROOT = /tmp/dailymotion_sdk_objc.dst;
				GCC_DYNAMIC_NO_PIC = NO;
				GCC_ENABLE_FIX_AND_CONTINUE = YES;
				GCC_MODEL_TUNING = G5;
				GCC_OPTIMIZATION_LEVEL = 0;
				GCC_PRECOMPILE_PREFIX_HEADER = YES;
				GCC_PREFIX_HEADER = iOS_Prefix.pch;
				INSTALL_PATH = /usr/local/lib;
				PRODUCT_NAME = Dailymotion;
				SDKROOT = iphoneos;
			};
			name = Debug;
		};
		1DEB922008733DC00010E9CD /* Release */ = {
			isa = XCBuildConfiguration;
			buildSettings = {
				ALWAYS_SEARCH_USER_PATHS = NO;
				ARCHS = "$(ARCHS_STANDARD_32_BIT)";
				DSTROOT = /tmp/dailymotion_sdk_objc.dst;
				GCC_MODEL_TUNING = G5;
				GCC_PRECOMPILE_PREFIX_HEADER = YES;
				GCC_PREFIX_HEADER = iOS_Prefix.pch;
				INSTALL_PATH = /usr/local/lib;
				PRODUCT_NAME = dailymotion_sdk_objc;
				SDKROOT = iphoneos;
			};
			name = Release;
		};
		1DEB922308733DC00010E9CD /* Debug */ = {
			isa = XCBuildConfiguration;
			buildSettings = {
				ARCHS = "$(ARCHS_STANDARD_32_BIT)";
				GCC_C_LANGUAGE_STANDARD = c99;
				GCC_OPTIMIZATION_LEVEL = 0;
				GCC_WARN_64_TO_32_BIT_CONVERSION = YES;
				GCC_WARN_ABOUT_MISSING_FIELD_INITIALIZERS = YES;
				GCC_WARN_ABOUT_RETURN_TYPE = YES;
				GCC_WARN_CHECK_SWITCH_STATEMENTS = YES;
				GCC_WARN_INITIALIZER_NOT_FULLY_BRACKETED = YES;
				GCC_WARN_MISSING_PARENTHESES = YES;
				GCC_WARN_SHADOW = YES;
				GCC_WARN_SIGN_COMPARE = YES;
				GCC_WARN_UNDECLARED_SELECTOR = YES;
				GCC_WARN_UNUSED_FUNCTION = YES;
				GCC_WARN_UNUSED_LABEL = YES;
				GCC_WARN_UNUSED_VALUE = YES;
				GCC_WARN_UNUSED_VARIABLE = YES;
				IPHONEOS_DEPLOYMENT_TARGET = 3.0;
				OTHER_LDFLAGS = "-ObjC";
				PREBINDING = NO;
				RUN_CLANG_STATIC_ANALYZER = YES;
				SDKROOT = iphoneos4.1;
			};
			name = Debug;
		};
		1DEB922408733DC00010E9CD /* Release */ = {
			isa = XCBuildConfiguration;
			buildSettings = {
				ARCHS = "$(ARCHS_STANDARD_32_BIT)";
				GCC_C_LANGUAGE_STANDARD = c99;
				GCC_WARN_64_TO_32_BIT_CONVERSION = YES;
				GCC_WARN_ABOUT_MISSING_FIELD_INITIALIZERS = YES;
				GCC_WARN_ABOUT_RETURN_TYPE = YES;
				GCC_WARN_CHECK_SWITCH_STATEMENTS = YES;
				GCC_WARN_INITIALIZER_NOT_FULLY_BRACKETED = YES;
				GCC_WARN_MISSING_PARENTHESES = YES;
				GCC_WARN_SHADOW = YES;
				GCC_WARN_SIGN_COMPARE = YES;
				GCC_WARN_UNDECLARED_SELECTOR = YES;
				GCC_WARN_UNUSED_FUNCTION = YES;
				GCC_WARN_UNUSED_LABEL = YES;
				GCC_WARN_UNUSED_VALUE = YES;
				GCC_WARN_UNUSED_VARIABLE = YES;
				IPHONEOS_DEPLOYMENT_TARGET = 3.0;
				OTHER_LDFLAGS = "-ObjC";
				PREBINDING = NO;
				RUN_CLANG_STATIC_ANALYZER = YES;
				SDKROOT = iphoneos;
			};
			name = Release;
		};
		53E273581265BD1D00B541BE /* Debug */ = {
			isa = XCBuildConfiguration;
			buildSettings = {
				ALWAYS_SEARCH_USER_PATHS = NO;
				"CODE_SIGN_IDENTITY[sdk=iphoneos*]" = "";
				COPY_PHASE_STRIP = NO;
				FRAMEWORK_SEARCH_PATHS = (
					"\"$(SDKROOT)/Developer/Library/Frameworks\"",
					"\"$(DEVELOPER_LIBRARY_DIR)/Frameworks\"",
				);
				GCC_DYNAMIC_NO_PIC = NO;
				GCC_ENABLE_FIX_AND_CONTINUE = NO;
				GCC_ENABLE_OBJC_EXCEPTIONS = YES;
				GCC_OPTIMIZATION_LEVEL = 0;
				GCC_PREFIX_HEADER = iOS_Prefix.pch;
				GCC_VERSION = com.apple.compilers.llvmgcc42;
				IPHONEOS_DEPLOYMENT_TARGET = 3.0;
				OTHER_LDFLAGS = (
					"-framework",
					Foundation,
					"-framework",
					SenTestingKit,
					"-framework",
					UIKit,
				);
				PREBINDING = NO;
				PRODUCT_NAME = Tests;
				SDKROOT = iphoneos;
				WRAPPER_EXTENSION = octest;
			};
			name = Debug;
		};
		53E273591265BD1D00B541BE /* Release */ = {
			isa = XCBuildConfiguration;
			buildSettings = {
				ALWAYS_SEARCH_USER_PATHS = NO;
				"CODE_SIGN_IDENTITY[sdk=iphoneos*]" = "";
				COPY_PHASE_STRIP = YES;
				DEBUG_INFORMATION_FORMAT = "dwarf-with-dsym";
				FRAMEWORK_SEARCH_PATHS = (
					"\"$(SDKROOT)/Developer/Library/Frameworks\"",
					"\"$(DEVELOPER_LIBRARY_DIR)/Frameworks\"",
				);
				GCC_ENABLE_FIX_AND_CONTINUE = NO;
				GCC_ENABLE_OBJC_EXCEPTIONS = YES;
				GCC_PREFIX_HEADER = iOS_Prefix.pch;
				GCC_VERSION = com.apple.compilers.llvmgcc42;
				IPHONEOS_DEPLOYMENT_TARGET = 3.0;
				OTHER_LDFLAGS = (
					"-framework",
					Foundation,
					"-framework",
					SenTestingKit,
					"-framework",
					UIKit,
				);
				PREBINDING = NO;
				PRODUCT_NAME = Tests;
				SDKROOT = iphoneos;
				WRAPPER_EXTENSION = octest;
				ZERO_LINK = NO;
			};
			name = Release;
		};
/* End XCBuildConfiguration section */

/* Begin XCConfigurationList section */
		1DEB921E08733DC00010E9CD /* Build configuration list for PBXNativeTarget "Dailymotion" */ = {
			isa = XCConfigurationList;
			buildConfigurations = (
				1DEB921F08733DC00010E9CD /* Debug */,
				1DEB922008733DC00010E9CD /* Release */,
			);
			defaultConfigurationIsVisible = 0;
			defaultConfigurationName = Release;
		};
		1DEB922208733DC00010E9CD /* Build configuration list for PBXProject "iOS" */ = {
			isa = XCConfigurationList;
			buildConfigurations = (
				1DEB922308733DC00010E9CD /* Debug */,
				1DEB922408733DC00010E9CD /* Release */,
			);
			defaultConfigurationIsVisible = 0;
			defaultConfigurationName = Release;
		};
		53E2735A1265BD1D00B541BE /* Build configuration list for PBXNativeTarget "DailymotionTests" */ = {
			isa = XCConfigurationList;
			buildConfigurations = (
				53E273581265BD1D00B541BE /* Debug */,
				53E273591265BD1D00B541BE /* Release */,
			);
			defaultConfigurationIsVisible = 0;
			defaultConfigurationName = Release;
		};
/* End XCConfigurationList section */
	};
	rootObject = 0867D690FE84028FC02AAC07 /* Project object */;
}
