// !$*UTF8*$!
{
	archiveVersion = 1;
	classes = {
	};
	objectVersion = 46;
	objects = {

/* Begin PBXBuildFile section */
		53002EAA15876C860060AC98 /* DMNetRequestOperation.h in Headers */ = {isa = PBXBuildFile; fileRef = 53002EA815876C860060AC98 /* DMNetRequestOperation.h */; settings = {ATTRIBUTES = (Public, ); }; };
		53002EAB15876C860060AC98 /* DMNetRequestOperation.m in Sources */ = {isa = PBXBuildFile; fileRef = 53002EA915876C860060AC98 /* DMNetRequestOperation.m */; };
		53002EAF15878AF70060AC98 /* DMAPICall.h in Headers */ = {isa = PBXBuildFile; fileRef = 53002EAD15878AF70060AC98 /* DMAPICall.h */; settings = {ATTRIBUTES = (Public, ); }; };
		53002EB015878AF70060AC98 /* DMAPICall.m in Sources */ = {isa = PBXBuildFile; fileRef = 53002EAE15878AF70060AC98 /* DMAPICall.m */; };
		531138781430D68400ED3153 /* DMPlayerViewController.h in Headers */ = {isa = PBXBuildFile; fileRef = 531138761430D68400ED3153 /* DMPlayerViewController.h */; settings = {ATTRIBUTES = (Public, ); }; };
		531138791430D68400ED3153 /* DMPlayerViewController.m in Sources */ = {isa = PBXBuildFile; fileRef = 531138771430D68400ED3153 /* DMPlayerViewController.m */; };
		53149E3E1587A5860068ADB7 /* DMUDID.h in Headers */ = {isa = PBXBuildFile; fileRef = 53149E3C1587A5860068ADB7 /* DMUDID.h */; settings = {ATTRIBUTES = (Public, ); }; };
		53149E3F1587A5860068ADB7 /* DMUDID.m in Sources */ = {isa = PBXBuildFile; fileRef = 53149E3D1587A5860068ADB7 /* DMUDID.m */; };
		531580C21589F81200F25C7D /* DMReachability.h in Headers */ = {isa = PBXBuildFile; fileRef = 531580C01589F81200F25C7D /* DMReachability.h */; settings = {ATTRIBUTES = (Public, ); }; };
		531580C31589F81200F25C7D /* DMReachability.m in Sources */ = {isa = PBXBuildFile; fileRef = 531580C11589F81200F25C7D /* DMReachability.m */; };
		531580C9158A21E200F25C7D /* SystemConfiguration.framework in Frameworks */ = {isa = PBXBuildFile; fileRef = 531580C7158A21C700F25C7D /* SystemConfiguration.framework */; };
		531A6312158514F700EB269B /* DMOAuthSession.h in Headers */ = {isa = PBXBuildFile; fileRef = 531A6310158514F700EB269B /* DMOAuthSession.h */; settings = {ATTRIBUTES = (Public, ); }; };
		531A6313158514F700EB269B /* DMOAuthSession.m in Sources */ = {isa = PBXBuildFile; fileRef = 531A6311158514F700EB269B /* DMOAuthSession.m */; };
		531A63151585512000EB269B /* Security.framework in Frameworks */ = {isa = PBXBuildFile; fileRef = 531A63141585512000EB269B /* Security.framework */; };
		531A63181585670D00EB269B /* DMOAuthSessionTest.m in Sources */ = {isa = PBXBuildFile; fileRef = 531A63171585670D00EB269B /* DMOAuthSessionTest.m */; };
		531A631B1586069B00EB269B /* DMOAuthClient.h in Headers */ = {isa = PBXBuildFile; fileRef = 531A63191586069B00EB269B /* DMOAuthClient.h */; settings = {ATTRIBUTES = (Public, ); }; };
		531A631C1586069B00EB269B /* DMOAuthClient.m in Sources */ = {isa = PBXBuildFile; fileRef = 531A631A1586069B00EB269B /* DMOAuthClient.m */; };
		531A631F1586175700EB269B /* DMAPIError.h in Headers */ = {isa = PBXBuildFile; fileRef = 531A631D1586175700EB269B /* DMAPIError.h */; settings = {ATTRIBUTES = (Public, ); }; };
		531A63201586175700EB269B /* DMAPIError.m in Sources */ = {isa = PBXBuildFile; fileRef = 531A631E1586175700EB269B /* DMAPIError.m */; };
		531A632E15862E2E00EB269B /* DMAPICallQueue.h in Headers */ = {isa = PBXBuildFile; fileRef = 531A632C15862E2E00EB269B /* DMAPICallQueue.h */; settings = {ATTRIBUTES = (Public, ); }; };
		531A632F15862E2E00EB269B /* DMAPICallQueue.m in Sources */ = {isa = PBXBuildFile; fileRef = 531A632D15862E2E00EB269B /* DMAPICallQueue.m */; };
		531F0EF1126880830089FAE5 /* DMBoundableInputStream.h in Headers */ = {isa = PBXBuildFile; fileRef = 531F0EEF126880830089FAE5 /* DMBoundableInputStream.h */; settings = {ATTRIBUTES = (Public, ); }; };
		531F0EF2126880830089FAE5 /* DMBoundableInputStream.m in Sources */ = {isa = PBXBuildFile; fileRef = 531F0EF0126880830089FAE5 /* DMBoundableInputStream.m */; };
		5397428615872ED000ABF402 /* DMOAuthRequestOperation.h in Headers */ = {isa = PBXBuildFile; fileRef = 5397428415872ED000ABF402 /* DMOAuthRequestOperation.h */; settings = {ATTRIBUTES = (Public, ); }; };
		5397428715872ED000ABF402 /* DMOAuthRequestOperation.m in Sources */ = {isa = PBXBuildFile; fileRef = 5397428515872ED000ABF402 /* DMOAuthRequestOperation.m */; };
		53E270FD126369C100B541BE /* DMAPI.h in Headers */ = {isa = PBXBuildFile; fileRef = 53E270FB126369C100B541BE /* DMAPI.h */; settings = {ATTRIBUTES = (Public, ); }; };
		53E270FE126369C100B541BE /* DMAPI.m in Sources */ = {isa = PBXBuildFile; fileRef = 53E270FC126369C100B541BE /* DMAPI.m */; };
		53E273C91265C23E00B541BE /* DMAPITest.m in Sources */ = {isa = PBXBuildFile; fileRef = 53E273C81265C23E00B541BE /* DMAPITest.m */; };
		53E274201266302900B541BE /* libDailymotion SDK.a in Frameworks */ = {isa = PBXBuildFile; fileRef = D2AAC07E0554694100DB518D /* libDailymotion SDK.a */; };
		53F0816B15827C43000E56C4 /* DMNetworking.h in Headers */ = {isa = PBXBuildFile; fileRef = 53F0816915827C43000E56C4 /* DMNetworking.h */; settings = {ATTRIBUTES = (Public, ); }; };
		53F0816C15827C43000E56C4 /* DMNetworking.m in Sources */ = {isa = PBXBuildFile; fileRef = 53F0816A15827C43000E56C4 /* DMNetworking.m */; };
		AA747D9F0F9514B9006C5449 /* iOS_Prefix.pch in Headers */ = {isa = PBXBuildFile; fileRef = AA747D9E0F9514B9006C5449 /* iOS_Prefix.pch */; };
		AACBBE4A0F95108600F1A2B1 /* Foundation.framework in Frameworks */ = {isa = PBXBuildFile; fileRef = AACBBE490F95108600F1A2B1 /* Foundation.framework */; };
/* End PBXBuildFile section */

/* Begin PBXContainerItemProxy section */
		53E2735B1265BD4300B541BE /* PBXContainerItemProxy */ = {
			isa = PBXContainerItemProxy;
			containerPortal = 0867D690FE84028FC02AAC07 /* Project object */;
			proxyType = 1;
			remoteGlobalIDString = D2AAC07D0554694100DB518D;
			remoteInfo = Dailymotion;
		};
/* End PBXContainerItemProxy section */

/* Begin PBXFileReference section */
		53002EA815876C860060AC98 /* DMNetRequestOperation.h */ = {isa = PBXFileReference; fileEncoding = 4; lastKnownFileType = sourcecode.c.h; path = DMNetRequestOperation.h; sourceTree = "<group>"; };
		53002EA915876C860060AC98 /* DMNetRequestOperation.m */ = {isa = PBXFileReference; fileEncoding = 4; lastKnownFileType = sourcecode.c.objc; path = DMNetRequestOperation.m; sourceTree = "<group>"; };
		53002EAD15878AF70060AC98 /* DMAPICall.h */ = {isa = PBXFileReference; fileEncoding = 4; lastKnownFileType = sourcecode.c.h; path = DMAPICall.h; sourceTree = "<group>"; };
		53002EAE15878AF70060AC98 /* DMAPICall.m */ = {isa = PBXFileReference; fileEncoding = 4; lastKnownFileType = sourcecode.c.objc; path = DMAPICall.m; sourceTree = "<group>"; };
		531138761430D68400ED3153 /* DMPlayerViewController.h */ = {isa = PBXFileReference; fileEncoding = 4; lastKnownFileType = sourcecode.c.h; path = DMPlayerViewController.h; sourceTree = "<group>"; };
		531138771430D68400ED3153 /* DMPlayerViewController.m */ = {isa = PBXFileReference; fileEncoding = 4; lastKnownFileType = sourcecode.c.objc; path = DMPlayerViewController.m; sourceTree = "<group>"; };
		53149E3C1587A5860068ADB7 /* DMUDID.h */ = {isa = PBXFileReference; fileEncoding = 4; lastKnownFileType = sourcecode.c.h; path = DMUDID.h; sourceTree = "<group>"; };
		53149E3D1587A5860068ADB7 /* DMUDID.m */ = {isa = PBXFileReference; fileEncoding = 4; lastKnownFileType = sourcecode.c.objc; path = DMUDID.m; sourceTree = "<group>"; };
		531580C01589F81200F25C7D /* DMReachability.h */ = {isa = PBXFileReference; fileEncoding = 4; lastKnownFileType = sourcecode.c.h; path = DMReachability.h; sourceTree = "<group>"; };
		531580C11589F81200F25C7D /* DMReachability.m */ = {isa = PBXFileReference; fileEncoding = 4; lastKnownFileType = sourcecode.c.objc; path = DMReachability.m; sourceTree = "<group>"; };
		531580C7158A21C700F25C7D /* SystemConfiguration.framework */ = {isa = PBXFileReference; lastKnownFileType = wrapper.framework; name = SystemConfiguration.framework; path = System/Library/Frameworks/SystemConfiguration.framework; sourceTree = SDKROOT; };
		531A6310158514F700EB269B /* DMOAuthSession.h */ = {isa = PBXFileReference; fileEncoding = 4; lastKnownFileType = sourcecode.c.h; path = DMOAuthSession.h; sourceTree = "<group>"; };
		531A6311158514F700EB269B /* DMOAuthSession.m */ = {isa = PBXFileReference; fileEncoding = 4; lastKnownFileType = sourcecode.c.objc; path = DMOAuthSession.m; sourceTree = "<group>"; };
		531A63141585512000EB269B /* Security.framework */ = {isa = PBXFileReference; lastKnownFileType = wrapper.framework; name = Security.framework; path = System/Library/Frameworks/Security.framework; sourceTree = SDKROOT; };
		531A63161585670D00EB269B /* DMOAuthSessionTest.h */ = {isa = PBXFileReference; fileEncoding = 4; lastKnownFileType = sourcecode.c.h; name = DMOAuthSessionTest.h; path = OAuth/DMOAuthSessionTest.h; sourceTree = "<group>"; };
		531A63171585670D00EB269B /* DMOAuthSessionTest.m */ = {isa = PBXFileReference; fileEncoding = 4; lastKnownFileType = sourcecode.c.objc; name = DMOAuthSessionTest.m; path = OAuth/DMOAuthSessionTest.m; sourceTree = "<group>"; };
		531A63191586069B00EB269B /* DMOAuthClient.h */ = {isa = PBXFileReference; fileEncoding = 4; lastKnownFileType = sourcecode.c.h; path = DMOAuthClient.h; sourceTree = "<group>"; };
		531A631A1586069B00EB269B /* DMOAuthClient.m */ = {isa = PBXFileReference; fileEncoding = 4; lastKnownFileType = sourcecode.c.objc; path = DMOAuthClient.m; sourceTree = "<group>"; };
		531A631D1586175700EB269B /* DMAPIError.h */ = {isa = PBXFileReference; fileEncoding = 4; lastKnownFileType = sourcecode.c.h; path = DMAPIError.h; sourceTree = "<group>"; };
		531A631E1586175700EB269B /* DMAPIError.m */ = {isa = PBXFileReference; fileEncoding = 4; lastKnownFileType = sourcecode.c.objc; path = DMAPIError.m; sourceTree = "<group>"; };
		531A632C15862E2E00EB269B /* DMAPICallQueue.h */ = {isa = PBXFileReference; fileEncoding = 4; lastKnownFileType = sourcecode.c.h; path = DMAPICallQueue.h; sourceTree = "<group>"; };
		531A632D15862E2E00EB269B /* DMAPICallQueue.m */ = {isa = PBXFileReference; fileEncoding = 4; lastKnownFileType = sourcecode.c.objc; path = DMAPICallQueue.m; sourceTree = "<group>"; };
		531F0EEF126880830089FAE5 /* DMBoundableInputStream.h */ = {isa = PBXFileReference; fileEncoding = 4; lastKnownFileType = sourcecode.c.h; path = DMBoundableInputStream.h; sourceTree = "<group>"; };
		531F0EF0126880830089FAE5 /* DMBoundableInputStream.m */ = {isa = PBXFileReference; fileEncoding = 4; lastKnownFileType = sourcecode.c.objc; path = DMBoundableInputStream.m; sourceTree = "<group>"; };
		533B5E5E1267483D00D3A924 /* DailymotionTestConfig.h */ = {isa = PBXFileReference; fileEncoding = 4; lastKnownFileType = sourcecode.c.h; path = DailymotionTestConfig.h; sourceTree = "<group>"; };
		5397428415872ED000ABF402 /* DMOAuthRequestOperation.h */ = {isa = PBXFileReference; fileEncoding = 4; lastKnownFileType = sourcecode.c.h; path = DMOAuthRequestOperation.h; sourceTree = "<group>"; };
		5397428515872ED000ABF402 /* DMOAuthRequestOperation.m */ = {isa = PBXFileReference; fileEncoding = 4; lastKnownFileType = sourcecode.c.objc; path = DMOAuthRequestOperation.m; sourceTree = "<group>"; };
		53E270FB126369C100B541BE /* DMAPI.h */ = {isa = PBXFileReference; fileEncoding = 4; lastKnownFileType = sourcecode.c.h; path = DMAPI.h; sourceTree = "<group>"; };
		53E270FC126369C100B541BE /* DMAPI.m */ = {isa = PBXFileReference; fileEncoding = 4; lastKnownFileType = sourcecode.c.objc; path = DMAPI.m; sourceTree = "<group>"; };
		53E273561265BD1C00B541BE /* Tests.octest */ = {isa = PBXFileReference; explicitFileType = wrapper.cfbundle; includeInIndex = 0; path = Tests.octest; sourceTree = BUILT_PRODUCTS_DIR; };
		53E273C71265C23E00B541BE /* DMAPITest.h */ = {isa = PBXFileReference; fileEncoding = 4; lastKnownFileType = sourcecode.c.h; name = DMAPITest.h; path = API/DMAPITest.h; sourceTree = "<group>"; };
		53E273C81265C23E00B541BE /* DMAPITest.m */ = {isa = PBXFileReference; fileEncoding = 4; lastKnownFileType = sourcecode.c.objc; name = DMAPITest.m; path = API/DMAPITest.m; sourceTree = "<group>"; };
		53F0816915827C43000E56C4 /* DMNetworking.h */ = {isa = PBXFileReference; fileEncoding = 4; lastKnownFileType = sourcecode.c.h; path = DMNetworking.h; sourceTree = "<group>"; };
		53F0816A15827C43000E56C4 /* DMNetworking.m */ = {isa = PBXFileReference; fileEncoding = 4; lastKnownFileType = sourcecode.c.objc; path = DMNetworking.m; sourceTree = "<group>"; };
		AA747D9E0F9514B9006C5449 /* iOS_Prefix.pch */ = {isa = PBXFileReference; fileEncoding = 4; lastKnownFileType = sourcecode.c.h; path = iOS_Prefix.pch; sourceTree = "<group>"; };
		AACBBE490F95108600F1A2B1 /* Foundation.framework */ = {isa = PBXFileReference; lastKnownFileType = wrapper.framework; name = Foundation.framework; path = System/Library/Frameworks/Foundation.framework; sourceTree = SDKROOT; };
		D2AAC07E0554694100DB518D /* libDailymotion SDK.a */ = {isa = PBXFileReference; explicitFileType = archive.ar; includeInIndex = 0; path = "libDailymotion SDK.a"; sourceTree = BUILT_PRODUCTS_DIR; };
/* End PBXFileReference section */

/* Begin PBXFrameworksBuildPhase section */
		53E273531265BD1C00B541BE /* Frameworks */ = {
			isa = PBXFrameworksBuildPhase;
			buildActionMask = 2147483647;
			files = (
				531A63151585512000EB269B /* Security.framework in Frameworks */,
				53E274201266302900B541BE /* libDailymotion SDK.a in Frameworks */,
				531580C9158A21E200F25C7D /* SystemConfiguration.framework in Frameworks */,
			);
			runOnlyForDeploymentPostprocessing = 0;
		};
		D2AAC07C0554694100DB518D /* Frameworks */ = {
			isa = PBXFrameworksBuildPhase;
			buildActionMask = 2147483647;
			files = (
				AACBBE4A0F95108600F1A2B1 /* Foundation.framework in Frameworks */,
			);
			runOnlyForDeploymentPostprocessing = 0;
		};
/* End PBXFrameworksBuildPhase section */

/* Begin PBXGroup section */
		034768DFFF38A50411DB9C8B /* Products */ = {
			isa = PBXGroup;
			children = (
				D2AAC07E0554694100DB518D /* libDailymotion SDK.a */,
				53E273561265BD1C00B541BE /* Tests.octest */,
			);
			name = Products;
			sourceTree = "<group>";
		};
		0867D691FE84028FC02AAC07 /* dailymotion-sdk-objc */ = {
			isa = PBXGroup;
			children = (
				08FB77AEFE84172EC02AAC07 /* Source */,
				53E273741265BD9700B541BE /* Tests */,
				32C88DFF0371C24200C91783 /* Other Sources */,
				0867D69AFE84028FC02AAC07 /* Frameworks */,
				034768DFFF38A50411DB9C8B /* Products */,
			);
			name = "dailymotion-sdk-objc";
			sourceTree = "<group>";
		};
		0867D69AFE84028FC02AAC07 /* Frameworks */ = {
			isa = PBXGroup;
			children = (
				531580C7158A21C700F25C7D /* SystemConfiguration.framework */,
				531A63141585512000EB269B /* Security.framework */,
				AACBBE490F95108600F1A2B1 /* Foundation.framework */,
			);
			name = Frameworks;
			sourceTree = "<group>";
		};
		08FB77AEFE84172EC02AAC07 /* Source */ = {
			isa = PBXGroup;
			children = (
				531ED7AA1586A220005F6FE5 /* API */,
				531ED7AF1586A5B6005F6FE5 /* Player */,
				531ED7AB1586A236005F6FE5 /* Networking */,
				531ED7B11586A5D2005F6FE5 /* OAuth */,
				53149E361587A30A0068ADB7 /* Utils */,
			);
			name = Source;
			path = "Dailymotion SDK";
			sourceTree = "<group>";
		};
		32C88DFF0371C24200C91783 /* Other Sources */ = {
			isa = PBXGroup;
			children = (
				AA747D9E0F9514B9006C5449 /* iOS_Prefix.pch */,
			);
			name = "Other Sources";
			sourceTree = "<group>";
		};
		53149E361587A30A0068ADB7 /* Utils */ = {
			isa = PBXGroup;
			children = (
				53149E3C1587A5860068ADB7 /* DMUDID.h */,
				53149E3D1587A5860068ADB7 /* DMUDID.m */,
			);
			path = Utils;
			sourceTree = "<group>";
		};
		531ED7AA1586A220005F6FE5 /* API */ = {
			isa = PBXGroup;
			children = (
				53E270FB126369C100B541BE /* DMAPI.h */,
				53E270FC126369C100B541BE /* DMAPI.m */,
				531A631D1586175700EB269B /* DMAPIError.h */,
				531A631E1586175700EB269B /* DMAPIError.m */,
				531A632C15862E2E00EB269B /* DMAPICallQueue.h */,
				531A632D15862E2E00EB269B /* DMAPICallQueue.m */,
				53002EAD15878AF70060AC98 /* DMAPICall.h */,
				53002EAE15878AF70060AC98 /* DMAPICall.m */,
			);
			path = API;
			sourceTree = "<group>";
		};
		531ED7AB1586A236005F6FE5 /* Networking */ = {
			isa = PBXGroup;
			children = (
				531580C01589F81200F25C7D /* DMReachability.h */,
				531580C11589F81200F25C7D /* DMReachability.m */,
				53F0816915827C43000E56C4 /* DMNetworking.h */,
				53F0816A15827C43000E56C4 /* DMNetworking.m */,
				53002EA815876C860060AC98 /* DMNetRequestOperation.h */,
				53002EA915876C860060AC98 /* DMNetRequestOperation.m */,
				531F0EEF126880830089FAE5 /* DMBoundableInputStream.h */,
				531F0EF0126880830089FAE5 /* DMBoundableInputStream.m */,
			);
			path = Networking;
			sourceTree = "<group>";
		};
		531ED7AF1586A5B6005F6FE5 /* Player */ = {
			isa = PBXGroup;
			children = (
				531138761430D68400ED3153 /* DMPlayerViewController.h */,
				531138771430D68400ED3153 /* DMPlayerViewController.m */,
			);
			path = Player;
			sourceTree = "<group>";
		};
		531ED7B11586A5D2005F6FE5 /* OAuth */ = {
			isa = PBXGroup;
			children = (
				531A63191586069B00EB269B /* DMOAuthClient.h */,
				531A631A1586069B00EB269B /* DMOAuthClient.m */,
				531A6310158514F700EB269B /* DMOAuthSession.h */,
				531A6311158514F700EB269B /* DMOAuthSession.m */,
				5397428415872ED000ABF402 /* DMOAuthRequestOperation.h */,
				5397428515872ED000ABF402 /* DMOAuthRequestOperation.m */,
			);
			path = OAuth;
			sourceTree = "<group>";
		};
		53E273741265BD9700B541BE /* Tests */ = {
			isa = PBXGroup;
			children = (
				533B5E5E1267483D00D3A924 /* DailymotionTestConfig.h */,
				53E273C71265C23E00B541BE /* DMAPITest.h */,
				53E273C81265C23E00B541BE /* DMAPITest.m */,
				531A63161585670D00EB269B /* DMOAuthSessionTest.h */,
				531A63171585670D00EB269B /* DMOAuthSessionTest.m */,
			);
			name = Tests;
			path = "Dailymotion SDK";
			sourceTree = "<group>";
		};
/* End PBXGroup section */

/* Begin PBXHeadersBuildPhase section */
		D2AAC07A0554694100DB518D /* Headers */ = {
			isa = PBXHeadersBuildPhase;
			buildActionMask = 2147483647;
			files = (
				AA747D9F0F9514B9006C5449 /* iOS_Prefix.pch in Headers */,
				53E270FD126369C100B541BE /* DMAPI.h in Headers */,
				531F0EF1126880830089FAE5 /* DMBoundableInputStream.h in Headers */,
				531138781430D68400ED3153 /* DMPlayerViewController.h in Headers */,
				53F0816B15827C43000E56C4 /* DMNetworking.h in Headers */,
				531A6312158514F700EB269B /* DMOAuthSession.h in Headers */,
				531A631B1586069B00EB269B /* DMOAuthClient.h in Headers */,
				531A631F1586175700EB269B /* DMAPIError.h in Headers */,
				531A632E15862E2E00EB269B /* DMAPICallQueue.h in Headers */,
				5397428615872ED000ABF402 /* DMOAuthRequestOperation.h in Headers */,
				53002EAA15876C860060AC98 /* DMNetRequestOperation.h in Headers */,
				53002EAF15878AF70060AC98 /* DMAPICall.h in Headers */,
				53149E3E1587A5860068ADB7 /* DMUDID.h in Headers */,
				531580C21589F81200F25C7D /* DMReachability.h in Headers */,
			);
			runOnlyForDeploymentPostprocessing = 0;
		};
/* End PBXHeadersBuildPhase section */

/* Begin PBXNativeTarget section */
		53E273551265BD1C00B541BE /* DailymotionTests */ = {
			isa = PBXNativeTarget;
			buildConfigurationList = 53E2735A1265BD1D00B541BE /* Build configuration list for PBXNativeTarget "DailymotionTests" */;
			buildPhases = (
				53E273511265BD1C00B541BE /* Resources */,
				53E273521265BD1C00B541BE /* Sources */,
				53E273531265BD1C00B541BE /* Frameworks */,
				53E273541265BD1C00B541BE /* ShellScript */,
			);
			buildRules = (
			);
			dependencies = (
				53E2735C1265BD4300B541BE /* PBXTargetDependency */,
			);
			name = DailymotionTests;
			productName = Tests;
			productReference = 53E273561265BD1C00B541BE /* Tests.octest */;
			productType = "com.apple.product-type.bundle";
		};
		D2AAC07D0554694100DB518D /* Dailymotion SDK */ = {
			isa = PBXNativeTarget;
			buildConfigurationList = 1DEB921E08733DC00010E9CD /* Build configuration list for PBXNativeTarget "Dailymotion SDK" */;
			buildPhases = (
				D2AAC07A0554694100DB518D /* Headers */,
				D2AAC07B0554694100DB518D /* Sources */,
				D2AAC07C0554694100DB518D /* Frameworks */,
			);
			buildRules = (
			);
			dependencies = (
			);
			name = "Dailymotion SDK";
			productName = "dailymotion-sdk-objc";
			productReference = D2AAC07E0554694100DB518D /* libDailymotion SDK.a */;
			productType = "com.apple.product-type.library.static";
		};
/* End PBXNativeTarget section */

/* Begin PBXProject section */
		0867D690FE84028FC02AAC07 /* Project object */ = {
			isa = PBXProject;
			attributes = {
				LastUpgradeCheck = 0430;
			};
			buildConfigurationList = 1DEB922208733DC00010E9CD /* Build configuration list for PBXProject "Dailymotion SDK iOS" */;
			compatibilityVersion = "Xcode 3.2";
			developmentRegion = English;
			hasScannedForEncodings = 1;
			knownRegions = (
				English,
				Japanese,
				French,
				German,
			);
			mainGroup = 0867D691FE84028FC02AAC07 /* dailymotion-sdk-objc */;
			productRefGroup = 034768DFFF38A50411DB9C8B /* Products */;
			projectDirPath = "";
			projectRoot = "";
			targets = (
				D2AAC07D0554694100DB518D /* Dailymotion SDK */,
				53E273551265BD1C00B541BE /* DailymotionTests */,
			);
		};
/* End PBXProject section */

/* Begin PBXResourcesBuildPhase section */
		53E273511265BD1C00B541BE /* Resources */ = {
			isa = PBXResourcesBuildPhase;
			buildActionMask = 2147483647;
			files = (
			);
			runOnlyForDeploymentPostprocessing = 0;
		};
/* End PBXResourcesBuildPhase section */

/* Begin PBXShellScriptBuildPhase section */
		53E273541265BD1C00B541BE /* ShellScript */ = {
			isa = PBXShellScriptBuildPhase;
			buildActionMask = 2147483647;
			files = (
			);
			inputPaths = (
			);
			outputPaths = (
			);
			runOnlyForDeploymentPostprocessing = 0;
			shellPath = /bin/sh;
			shellScript = "# Run the unit tests in this test bundle.\n\"${SYSTEM_DEVELOPER_DIR}/Tools/RunUnitTests\" 1> /tmp/RunUnitTests.out \n";
		};
/* End PBXShellScriptBuildPhase section */

/* Begin PBXSourcesBuildPhase section */
		53E273521265BD1C00B541BE /* Sources */ = {
			isa = PBXSourcesBuildPhase;
			buildActionMask = 2147483647;
			files = (
				53E273C91265C23E00B541BE /* DMAPITest.m in Sources */,
				531A63181585670D00EB269B /* DMOAuthSessionTest.m in Sources */,
			);
			runOnlyForDeploymentPostprocessing = 0;
		};
		D2AAC07B0554694100DB518D /* Sources */ = {
			isa = PBXSourcesBuildPhase;
			buildActionMask = 2147483647;
			files = (
				53E270FE126369C100B541BE /* DMAPI.m in Sources */,
				531F0EF2126880830089FAE5 /* DMBoundableInputStream.m in Sources */,
				531138791430D68400ED3153 /* DMPlayerViewController.m in Sources */,
				53F0816C15827C43000E56C4 /* DMNetworking.m in Sources */,
				531A6313158514F700EB269B /* DMOAuthSession.m in Sources */,
				531A631C1586069B00EB269B /* DMOAuthClient.m in Sources */,
				531A63201586175700EB269B /* DMAPIError.m in Sources */,
				531A632F15862E2E00EB269B /* DMAPICallQueue.m in Sources */,
				5397428715872ED000ABF402 /* DMOAuthRequestOperation.m in Sources */,
				53002EAB15876C860060AC98 /* DMNetRequestOperation.m in Sources */,
				53002EB015878AF70060AC98 /* DMAPICall.m in Sources */,
				53149E3F1587A5860068ADB7 /* DMUDID.m in Sources */,
				531580C31589F81200F25C7D /* DMReachability.m in Sources */,
			);
			runOnlyForDeploymentPostprocessing = 0;
		};
/* End PBXSourcesBuildPhase section */

/* Begin PBXTargetDependency section */
		53E2735C1265BD4300B541BE /* PBXTargetDependency */ = {
			isa = PBXTargetDependency;
			target = D2AAC07D0554694100DB518D /* Dailymotion SDK */;
			targetProxy = 53E2735B1265BD4300B541BE /* PBXContainerItemProxy */;
		};
/* End PBXTargetDependency section */

/* Begin XCBuildConfiguration section */
		1DEB921F08733DC00010E9CD /* Debug */ = {
			isa = XCBuildConfiguration;
			buildSettings = {
				ALWAYS_SEARCH_USER_PATHS = NO;
				ARCHS = "$(ARCHS_STANDARD_32_BIT)";
				CLANG_ENABLE_OBJC_ARC = YES;
				COPY_PHASE_STRIP = NO;
				DSTROOT = /tmp/dailymotion_sdk_objc.dst;
				GCC_DYNAMIC_NO_PIC = NO;
				GCC_MODEL_TUNING = G5;
				GCC_OPTIMIZATION_LEVEL = 0;
				GCC_PRECOMPILE_PREFIX_HEADER = YES;
				GCC_PREFIX_HEADER = iOS_Prefix.pch;
				GCC_VERSION = com.apple.compilers.llvm.clang.1_0;
				INSTALL_PATH = "“$(BUILT_PRODUCTS_DIR)”";
				IPHONEOS_DEPLOYMENT_TARGET = 5.0;
				PRODUCT_NAME = "Dailymotion SDK";
				PUBLIC_HEADERS_FOLDER_PATH = "$(TARGET_NAME)";
				SDKROOT = iphoneos;
				SKIP_INSTALL = YES;
				USER_HEADER_SEARCH_PATHS = "“$(TARGET_NAME)”";
			};
			name = Debug;
		};
		1DEB922008733DC00010E9CD /* Release */ = {
			isa = XCBuildConfiguration;
			buildSettings = {
				ALWAYS_SEARCH_USER_PATHS = NO;
				ARCHS = "$(ARCHS_STANDARD_32_BIT)";
				CLANG_ENABLE_OBJC_ARC = YES;
				DSTROOT = /tmp/dailymotion_sdk_objc.dst;
				GCC_MODEL_TUNING = G5;
				GCC_PRECOMPILE_PREFIX_HEADER = YES;
				GCC_PREFIX_HEADER = iOS_Prefix.pch;
				GCC_VERSION = com.apple.compilers.llvm.clang.1_0;
				INSTALL_PATH = "“$(BUILT_PRODUCTS_DIR)”";
				IPHONEOS_DEPLOYMENT_TARGET = 5.0;
				PRODUCT_NAME = "Dailymotion SDK";
				PUBLIC_HEADERS_FOLDER_PATH = "$(TARGET_NAME)";
				SDKROOT = iphoneos;
				SKIP_INSTALL = YES;
				USER_HEADER_SEARCH_PATHS = "“$(TARGET_NAME)”";
			};
			name = Release;
		};
		1DEB922308733DC00010E9CD /* Debug */ = {
			isa = XCBuildConfiguration;
			buildSettings = {
				ARCHS = "$(ARCHS_STANDARD_32_BIT)";
				GCC_C_LANGUAGE_STANDARD = c99;
				GCC_OPTIMIZATION_LEVEL = 0;
				GCC_WARN_64_TO_32_BIT_CONVERSION = YES;
				GCC_WARN_ABOUT_MISSING_FIELD_INITIALIZERS = YES;
				GCC_WARN_ABOUT_RETURN_TYPE = YES;
				GCC_WARN_CHECK_SWITCH_STATEMENTS = YES;
				GCC_WARN_INITIALIZER_NOT_FULLY_BRACKETED = YES;
				GCC_WARN_MISSING_PARENTHESES = YES;
				GCC_WARN_SHADOW = YES;
				GCC_WARN_SIGN_COMPARE = YES;
				GCC_WARN_UNDECLARED_SELECTOR = YES;
				GCC_WARN_UNUSED_FUNCTION = YES;
				GCC_WARN_UNUSED_LABEL = YES;
				GCC_WARN_UNUSED_VALUE = YES;
				GCC_WARN_UNUSED_VARIABLE = YES;
				IPHONEOS_DEPLOYMENT_TARGET = 5.0;
				OTHER_LDFLAGS = "-ObjC";
				PUBLIC_HEADERS_FOLDER_PATH = "include/$(TARGET_NAME)";
				RUN_CLANG_STATIC_ANALYZER = YES;
				SDKROOT = iphoneos;
			};
			name = Debug;
		};
		1DEB922408733DC00010E9CD /* Release */ = {
			isa = XCBuildConfiguration;
			buildSettings = {
				ARCHS = "$(ARCHS_STANDARD_32_BIT)";
				GCC_C_LANGUAGE_STANDARD = c99;
				GCC_WARN_64_TO_32_BIT_CONVERSION = YES;
				GCC_WARN_ABOUT_MISSING_FIELD_INITIALIZERS = YES;
				GCC_WARN_ABOUT_RETURN_TYPE = YES;
				GCC_WARN_CHECK_SWITCH_STATEMENTS = YES;
				GCC_WARN_INITIALIZER_NOT_FULLY_BRACKETED = YES;
				GCC_WARN_MISSING_PARENTHESES = YES;
				GCC_WARN_SHADOW = YES;
				GCC_WARN_SIGN_COMPARE = YES;
				GCC_WARN_UNDECLARED_SELECTOR = YES;
				GCC_WARN_UNUSED_FUNCTION = YES;
				GCC_WARN_UNUSED_LABEL = YES;
				GCC_WARN_UNUSED_VALUE = YES;
				GCC_WARN_UNUSED_VARIABLE = YES;
				IPHONEOS_DEPLOYMENT_TARGET = 5.0;
				OTHER_LDFLAGS = "-ObjC";
				PUBLIC_HEADERS_FOLDER_PATH = "include/$(TARGET_NAME)";
				RUN_CLANG_STATIC_ANALYZER = YES;
				SDKROOT = iphoneos;
			};
			name = Release;
		};
		53E273581265BD1D00B541BE /* Debug */ = {
			isa = XCBuildConfiguration;
			buildSettings = {
				ALWAYS_SEARCH_USER_PATHS = NO;
				CLANG_ENABLE_OBJC_ARC = YES;
				"CODE_SIGN_IDENTITY[sdk=iphoneos*]" = "";
				COPY_PHASE_STRIP = NO;
				FRAMEWORK_SEARCH_PATHS = (
					"\"$(SDKROOT)/Developer/Library/Frameworks\"",
					"\"$(DEVELOPER_LIBRARY_DIR)/Frameworks\"",
				);
				GCC_DYNAMIC_NO_PIC = NO;
				GCC_ENABLE_OBJC_EXCEPTIONS = YES;
				GCC_GENERATE_TEST_COVERAGE_FILES = NO;
				GCC_INSTRUMENT_PROGRAM_FLOW_ARCS = NO;
				GCC_OPTIMIZATION_LEVEL = 0;
				GCC_PREFIX_HEADER = iOS_Prefix.pch;
				GCC_VERSION = com.apple.compilers.llvm.clang.1_0;
				IPHONEOS_DEPLOYMENT_TARGET = 5.0;
				OTHER_CFLAGS = "";
				OTHER_LDFLAGS = (
					"-framework",
					Foundation,
					"-framework",
					SenTestingKit,
					"-framework",
					UIKit,
				);
				PRODUCT_NAME = Tests;
				SDKROOT = iphoneos;
				WRAPPER_EXTENSION = octest;
			};
			name = Debug;
		};
		53E273591265BD1D00B541BE /* Release */ = {
			isa = XCBuildConfiguration;
			buildSettings = {
				ALWAYS_SEARCH_USER_PATHS = NO;
				CLANG_ENABLE_OBJC_ARC = YES;
				"CODE_SIGN_IDENTITY[sdk=iphoneos*]" = "";
				COPY_PHASE_STRIP = YES;
				DEBUG_INFORMATION_FORMAT = "dwarf-with-dsym";
				FRAMEWORK_SEARCH_PATHS = (
					"\"$(SDKROOT)/Developer/Library/Frameworks\"",
					"\"$(DEVELOPER_LIBRARY_DIR)/Frameworks\"",
				);
				GCC_ENABLE_OBJC_EXCEPTIONS = YES;
				GCC_GENERATE_TEST_COVERAGE_FILES = NO;
				GCC_INSTRUMENT_PROGRAM_FLOW_ARCS = NO;
				GCC_PREFIX_HEADER = iOS_Prefix.pch;
				GCC_VERSION = com.apple.compilers.llvm.clang.1_0;
				IPHONEOS_DEPLOYMENT_TARGET = 5.0;
				OTHER_CFLAGS = "";
				OTHER_LDFLAGS = (
					"-framework",
					Foundation,
					"-framework",
					SenTestingKit,
					"-framework",
					UIKit,
				);
				PRODUCT_NAME = Tests;
				SDKROOT = iphoneos;
				WRAPPER_EXTENSION = octest;
				ZERO_LINK = NO;
			};
			name = Release;
		};
/* End XCBuildConfiguration section */

/* Begin XCConfigurationList section */
		1DEB921E08733DC00010E9CD /* Build configuration list for PBXNativeTarget "Dailymotion SDK" */ = {
			isa = XCConfigurationList;
			buildConfigurations = (
				1DEB921F08733DC00010E9CD /* Debug */,
				1DEB922008733DC00010E9CD /* Release */,
			);
			defaultConfigurationIsVisible = 0;
			defaultConfigurationName = Release;
		};
		1DEB922208733DC00010E9CD /* Build configuration list for PBXProject "Dailymotion SDK iOS" */ = {
			isa = XCConfigurationList;
			buildConfigurations = (
				1DEB922308733DC00010E9CD /* Debug */,
				1DEB922408733DC00010E9CD /* Release */,
			);
			defaultConfigurationIsVisible = 0;
			defaultConfigurationName = Release;
		};
		53E2735A1265BD1D00B541BE /* Build configuration list for PBXNativeTarget "DailymotionTests" */ = {
			isa = XCConfigurationList;
			buildConfigurations = (
				53E273581265BD1D00B541BE /* Debug */,
				53E273591265BD1D00B541BE /* Release */,
			);
			defaultConfigurationIsVisible = 0;
			defaultConfigurationName = Release;
		};
/* End XCConfigurationList section */
	};
	rootObject = 0867D690FE84028FC02AAC07 /* Project object */;
}
